// !$*UTF8*$!
{
	archiveVersion = 1;
	classes = {
	};
	objectVersion = 50;
	objects = {

/* Begin PBXBuildFile section */
		173975647A63EC61B1DF7EF6 /* Pods_Test.framework in Frameworks */ = {isa = PBXBuildFile; fileRef = DC27D16E2AE1489BABE19043 /* Pods_Test.framework */; };
		B0DC630020AD169400A4BFBE /* AppDelegate.m in Sources */ = {isa = PBXBuildFile; fileRef = B0DC62FF20AD169400A4BFBE /* AppDelegate.m */; };
		B0DC630820AD169800A4BFBE /* Assets.xcassets in Resources */ = {isa = PBXBuildFile; fileRef = B0DC630720AD169800A4BFBE /* Assets.xcassets */; };
		B0DC630E20AD169900A4BFBE /* main.m in Sources */ = {isa = PBXBuildFile; fileRef = B0DC630D20AD169900A4BFBE /* main.m */; };
		B0DC631620AD178C00A4BFBE /* RootViewController.m in Sources */ = {isa = PBXBuildFile; fileRef = B0DC631520AD178C00A4BFBE /* RootViewController.m */; };
		B0DC631B20AD17CC00A4BFBE /* AddPhotoCollectionViewCell.m in Sources */ = {isa = PBXBuildFile; fileRef = B0DC631820AD17CB00A4BFBE /* AddPhotoCollectionViewCell.m */; };
		B0DC631C20AD17CC00A4BFBE /* AddPhotoView.m in Sources */ = {isa = PBXBuildFile; fileRef = B0DC631A20AD17CC00A4BFBE /* AddPhotoView.m */; };
		B0DC631F20AD17D400A4BFBE /* BMDragCellCollectionView.m in Sources */ = {isa = PBXBuildFile; fileRef = B0DC631E20AD17D300A4BFBE /* BMDragCellCollectionView.m */; };
/* End PBXBuildFile section */

/* Begin PBXFileReference section */
		4DE420EC0D369F6B454D636E /* Pods-Test.debug.xcconfig */ = {isa = PBXFileReference; includeInIndex = 1; lastKnownFileType = text.xcconfig; name = "Pods-Test.debug.xcconfig"; path = "Pods/Target Support Files/Pods-Test/Pods-Test.debug.xcconfig"; sourceTree = "<group>"; };
		B0DC62FB20AD169400A4BFBE /* Test.app */ = {isa = PBXFileReference; explicitFileType = wrapper.application; includeInIndex = 0; path = Test.app; sourceTree = BUILT_PRODUCTS_DIR; };
		B0DC62FE20AD169400A4BFBE /* AppDelegate.h */ = {isa = PBXFileReference; lastKnownFileType = sourcecode.c.h; path = AppDelegate.h; sourceTree = "<group>"; };
		B0DC62FF20AD169400A4BFBE /* AppDelegate.m */ = {isa = PBXFileReference; lastKnownFileType = sourcecode.c.objc; path = AppDelegate.m; sourceTree = "<group>"; };
		B0DC630720AD169800A4BFBE /* Assets.xcassets */ = {isa = PBXFileReference; lastKnownFileType = folder.assetcatalog; path = Assets.xcassets; sourceTree = "<group>"; };
		B0DC630C20AD169900A4BFBE /* Info.plist */ = {isa = PBXFileReference; lastKnownFileType = text.plist.xml; path = Info.plist; sourceTree = "<group>"; };
		B0DC630D20AD169900A4BFBE /* main.m */ = {isa = PBXFileReference; lastKnownFileType = sourcecode.c.objc; path = main.m; sourceTree = "<group>"; };
		B0DC631420AD178C00A4BFBE /* RootViewController.h */ = {isa = PBXFileReference; lastKnownFileType = sourcecode.c.h; path = RootViewController.h; sourceTree = "<group>"; };
		B0DC631520AD178C00A4BFBE /* RootViewController.m */ = {isa = PBXFileReference; lastKnownFileType = sourcecode.c.objc; path = RootViewController.m; sourceTree = "<group>"; };
		B0DC631720AD17CB00A4BFBE /* AddPhotoCollectionViewCell.h */ = {isa = PBXFileReference; fileEncoding = 4; lastKnownFileType = sourcecode.c.h; path = AddPhotoCollectionViewCell.h; sourceTree = "<group>"; };
		B0DC631820AD17CB00A4BFBE /* AddPhotoCollectionViewCell.m */ = {isa = PBXFileReference; fileEncoding = 4; lastKnownFileType = sourcecode.c.objc; path = AddPhotoCollectionViewCell.m; sourceTree = "<group>"; };
		B0DC631920AD17CB00A4BFBE /* AddPhotoView.h */ = {isa = PBXFileReference; fileEncoding = 4; lastKnownFileType = sourcecode.c.h; path = AddPhotoView.h; sourceTree = "<group>"; };
		B0DC631A20AD17CC00A4BFBE /* AddPhotoView.m */ = {isa = PBXFileReference; fileEncoding = 4; lastKnownFileType = sourcecode.c.objc; path = AddPhotoView.m; sourceTree = "<group>"; };
		B0DC631D20AD17D300A4BFBE /* BMDragCellCollectionView.h */ = {isa = PBXFileReference; fileEncoding = 4; lastKnownFileType = sourcecode.c.h; path = BMDragCellCollectionView.h; sourceTree = "<group>"; };
		B0DC631E20AD17D300A4BFBE /* BMDragCellCollectionView.m */ = {isa = PBXFileReference; fileEncoding = 4; lastKnownFileType = sourcecode.c.objc; path = BMDragCellCollectionView.m; sourceTree = "<group>"; };
		CA8997C71B4E209E1EB7590B /* Pods-Test.release.xcconfig */ = {isa = PBXFileReference; includeInIndex = 1; lastKnownFileType = text.xcconfig; name = "Pods-Test.release.xcconfig"; path = "Pods/Target Support Files/Pods-Test/Pods-Test.release.xcconfig"; sourceTree = "<group>"; };
		DC27D16E2AE1489BABE19043 /* Pods_Test.framework */ = {isa = PBXFileReference; explicitFileType = wrapper.framework; includeInIndex = 0; path = Pods_Test.framework; sourceTree = BUILT_PRODUCTS_DIR; };
/* End PBXFileReference section */

/* Begin PBXFrameworksBuildPhase section */
		B0DC62F820AD169400A4BFBE /* Frameworks */ = {
			isa = PBXFrameworksBuildPhase;
			buildActionMask = 2147483647;
			files = (
				173975647A63EC61B1DF7EF6 /* Pods_Test.framework in Frameworks */,
			);
			runOnlyForDeploymentPostprocessing = 0;
		};
/* End PBXFrameworksBuildPhase section */

/* Begin PBXGroup section */
		705D6EA507805E3B277808F3 /* Frameworks */ = {
			isa = PBXGroup;
			children = (
				DC27D16E2AE1489BABE19043 /* Pods_Test.framework */,
			);
			name = Frameworks;
			sourceTree = "<group>";
		};
		B0DC62F220AD169400A4BFBE = {
			isa = PBXGroup;
			children = (
				B0DC62FD20AD169400A4BFBE /* Test */,
				B0DC62FC20AD169400A4BFBE /* Products */,
				F34E2A9B615F40FDD330D865 /* Pods */,
				705D6EA507805E3B277808F3 /* Frameworks */,
			);
			sourceTree = "<group>";
		};
		B0DC62FC20AD169400A4BFBE /* Products */ = {
			isa = PBXGroup;
			children = (
				B0DC62FB20AD169400A4BFBE /* Test.app */,
			);
			name = Products;
			sourceTree = "<group>";
		};
		B0DC62FD20AD169400A4BFBE /* Test */ = {
			isa = PBXGroup;
			children = (
				B0DC62FE20AD169400A4BFBE /* AppDelegate.h */,
				B0DC62FF20AD169400A4BFBE /* AppDelegate.m */,
				B0DC631D20AD17D300A4BFBE /* BMDragCellCollectionView.h */,
				B0DC631E20AD17D300A4BFBE /* BMDragCellCollectionView.m */,
				B0DC631720AD17CB00A4BFBE /* AddPhotoCollectionViewCell.h */,
				B0DC631820AD17CB00A4BFBE /* AddPhotoCollectionViewCell.m */,
				B0DC631920AD17CB00A4BFBE /* AddPhotoView.h */,
				B0DC631A20AD17CC00A4BFBE /* AddPhotoView.m */,
				B0DC631420AD178C00A4BFBE /* RootViewController.h */,
				B0DC631520AD178C00A4BFBE /* RootViewController.m */,
				B0DC630720AD169800A4BFBE /* Assets.xcassets */,
				B0DC630C20AD169900A4BFBE /* Info.plist */,
				B0DC630D20AD169900A4BFBE /* main.m */,
			);
			path = Test;
			sourceTree = "<group>";
		};
		F34E2A9B615F40FDD330D865 /* Pods */ = {
			isa = PBXGroup;
			children = (
				4DE420EC0D369F6B454D636E /* Pods-Test.debug.xcconfig */,
				CA8997C71B4E209E1EB7590B /* Pods-Test.release.xcconfig */,
			);
			name = Pods;
			sourceTree = "<group>";
		};
/* End PBXGroup section */

/* Begin PBXNativeTarget section */
		B0DC62FA20AD169400A4BFBE /* Test */ = {
			isa = PBXNativeTarget;
			buildConfigurationList = B0DC631120AD169900A4BFBE /* Build configuration list for PBXNativeTarget "Test" */;
			buildPhases = (
				C3E7408D678052DDA3AC4F2F /* [CP] Check Pods Manifest.lock */,
				B0DC62F720AD169400A4BFBE /* Sources */,
				B0DC62F820AD169400A4BFBE /* Frameworks */,
				B0DC62F920AD169400A4BFBE /* Resources */,
				8517DFA79023EC268AD9FDF2 /* [CP] Embed Pods Frameworks */,
			);
			buildRules = (
			);
			dependencies = (
			);
			name = Test;
			productName = Test;
			productReference = B0DC62FB20AD169400A4BFBE /* Test.app */;
			productType = "com.apple.product-type.application";
		};
/* End PBXNativeTarget section */

/* Begin PBXProject section */
		B0DC62F320AD169400A4BFBE /* Project object */ = {
			isa = PBXProject;
			attributes = {
				LastUpgradeCheck = 0930;
				ORGANIZATIONNAME = Denny;
				TargetAttributes = {
					B0DC62FA20AD169400A4BFBE = {
						CreatedOnToolsVersion = 9.3;
					};
				};
			};
			buildConfigurationList = B0DC62F620AD169400A4BFBE /* Build configuration list for PBXProject "Test" */;
			compatibilityVersion = "Xcode 9.3";
			developmentRegion = en;
			hasScannedForEncodings = 0;
			knownRegions = (
				en,
				Base,
			);
			mainGroup = B0DC62F220AD169400A4BFBE;
			productRefGroup = B0DC62FC20AD169400A4BFBE /* Products */;
			projectDirPath = "";
			projectRoot = "";
			targets = (
				B0DC62FA20AD169400A4BFBE /* Test */,
			);
		};
/* End PBXProject section */

/* Begin PBXResourcesBuildPhase section */
		B0DC62F920AD169400A4BFBE /* Resources */ = {
			isa = PBXResourcesBuildPhase;
			buildActionMask = 2147483647;
			files = (
				B0DC630820AD169800A4BFBE /* Assets.xcassets in Resources */,
			);
			runOnlyForDeploymentPostprocessing = 0;
		};
/* End PBXResourcesBuildPhase section */

/* Begin PBXShellScriptBuildPhase section */
		8517DFA79023EC268AD9FDF2 /* [CP] Embed Pods Frameworks */ = {
			isa = PBXShellScriptBuildPhase;
			buildActionMask = 2147483647;
			files = (
			);
			inputPaths = (
				"${SRCROOT}/Pods/Target Support Files/Pods-Test/Pods-Test-frameworks.sh",
				"${BUILT_PRODUCTS_DIR}/SDWebImage/SDWebImage.framework",
			);
			name = "[CP] Embed Pods Frameworks";
			outputPaths = (
				"${TARGET_BUILD_DIR}/${FRAMEWORKS_FOLDER_PATH}/SDWebImage.framework",
			);
			runOnlyForDeploymentPostprocessing = 0;
			shellPath = /bin/sh;
			shellScript = "\"${SRCROOT}/Pods/Target Support Files/Pods-Test/Pods-Test-frameworks.sh\"\n";
			showEnvVarsInLog = 0;
		};
		C3E7408D678052DDA3AC4F2F /* [CP] Check Pods Manifest.lock */ = {
			isa = PBXShellScriptBuildPhase;
			buildActionMask = 2147483647;
			files = (
			);
			inputPaths = (
				"${PODS_PODFILE_DIR_PATH}/Podfile.lock",
				"${PODS_ROOT}/Manifest.lock",
			);
			name = "[CP] Check Pods Manifest.lock";
			outputPaths = (
				"$(DERIVED_FILE_DIR)/Pods-Test-checkManifestLockResult.txt",
			);
			runOnlyForDeploymentPostprocessing = 0;
			shellPath = /bin/sh;
			shellScript = "diff \"${PODS_PODFILE_DIR_PATH}/Podfile.lock\" \"${PODS_ROOT}/Manifest.lock\" > /dev/null\nif [ $? != 0 ] ; then\n    # print error to STDERR\n    echo \"error: The sandbox is not in sync with the Podfile.lock. Run 'pod install' or update your CocoaPods installation.\" >&2\n    exit 1\nfi\n# This output is used by Xcode 'outputs' to avoid re-running this script phase.\necho \"SUCCESS\" > \"${SCRIPT_OUTPUT_FILE_0}\"\n";
			showEnvVarsInLog = 0;
		};
/* End PBXShellScriptBuildPhase section */

/* Begin PBXSourcesBuildPhase section */
		B0DC62F720AD169400A4BFBE /* Sources */ = {
			isa = PBXSourcesBuildPhase;
			buildActionMask = 2147483647;
			files = (
				B0DC630E20AD169900A4BFBE /* main.m in Sources */,
				B0DC631F20AD17D400A4BFBE /* BMDragCellCollectionView.m in Sources */,
				B0DC631C20AD17CC00A4BFBE /* AddPhotoView.m in Sources */,
				B0DC631B20AD17CC00A4BFBE /* AddPhotoCollectionViewCell.m in Sources */,
				B0DC631620AD178C00A4BFBE /* RootViewController.m in Sources */,
				B0DC630020AD169400A4BFBE /* AppDelegate.m in Sources */,
			);
			runOnlyForDeploymentPostprocessing = 0;
		};
/* End PBXSourcesBuildPhase section */

/* Begin XCBuildConfiguration section */
		B0DC630F20AD169900A4BFBE /* Debug */ = {
			isa = XCBuildConfiguration;
			buildSettings = {
				ALWAYS_SEARCH_USER_PATHS = NO;
				CLANG_ANALYZER_NONNULL = YES;
				CLANG_ANALYZER_NUMBER_OBJECT_CONVERSION = YES_AGGRESSIVE;
				CLANG_CXX_LANGUAGE_STANDARD = "gnu++14";
				CLANG_CXX_LIBRARY = "libc++";
				CLANG_ENABLE_MODULES = YES;
				CLANG_ENABLE_OBJC_ARC = YES;
				CLANG_ENABLE_OBJC_WEAK = YES;
				CLANG_WARN_BLOCK_CAPTURE_AUTORELEASING = YES;
				CLANG_WARN_BOOL_CONVERSION = YES;
				CLANG_WARN_COMMA = YES;
				CLANG_WARN_CONSTANT_CONVERSION = YES;
				CLANG_WARN_DEPRECATED_OBJC_IMPLEMENTATIONS = YES;
				CLANG_WARN_DIRECT_OBJC_ISA_USAGE = YES_ERROR;
				CLANG_WARN_DOCUMENTATION_COMMENTS = YES;
				CLANG_WARN_EMPTY_BODY = YES;
				CLANG_WARN_ENUM_CONVERSION = YES;
				CLANG_WARN_INFINITE_RECURSION = YES;
				CLANG_WARN_INT_CONVERSION = YES;
				CLANG_WARN_NON_LITERAL_NULL_CONVERSION = YES;
				CLANG_WARN_OBJC_IMPLICIT_RETAIN_SELF = YES;
				CLANG_WARN_OBJC_LITERAL_CONVERSION = YES;
				CLANG_WARN_OBJC_ROOT_CLASS = YES_ERROR;
				CLANG_WARN_RANGE_LOOP_ANALYSIS = YES;
				CLANG_WARN_STRICT_PROTOTYPES = YES;
				CLANG_WARN_SUSPICIOUS_MOVE = YES;
				CLANG_WARN_UNGUARDED_AVAILABILITY = YES_AGGRESSIVE;
				CLANG_WARN_UNREACHABLE_CODE = YES;
				CLANG_WARN__DUPLICATE_METHOD_MATCH = YES;
				CODE_SIGN_IDENTITY = "iPhone Developer";
				COPY_PHASE_STRIP = NO;
				DEBUG_INFORMATION_FORMAT = dwarf;
				ENABLE_STRICT_OBJC_MSGSEND = YES;
				ENABLE_TESTABILITY = YES;
				GCC_C_LANGUAGE_STANDARD = gnu11;
				GCC_DYNAMIC_NO_PIC = NO;
				GCC_NO_COMMON_BLOCKS = YES;
				GCC_OPTIMIZATION_LEVEL = 0;
				GCC_PREPROCESSOR_DEFINITIONS = (
					"DEBUG=1",
					"$(inherited)",
				);
				GCC_WARN_64_TO_32_BIT_CONVERSION = YES;
				GCC_WARN_ABOUT_RETURN_TYPE = YES_ERROR;
				GCC_WARN_UNDECLARED_SELECTOR = YES;
				GCC_WARN_UNINITIALIZED_AUTOS = YES_AGGRESSIVE;
				GCC_WARN_UNUSED_FUNCTION = YES;
				GCC_WARN_UNUSED_VARIABLE = YES;
				IPHONEOS_DEPLOYMENT_TARGET = 11.3;
				MTL_ENABLE_DEBUG_INFO = YES;
				ONLY_ACTIVE_ARCH = YES;
				SDKROOT = iphoneos;
			};
			name = Debug;
		};
		B0DC631020AD169900A4BFBE /* Release */ = {
			isa = XCBuildConfiguration;
			buildSettings = {
				ALWAYS_SEARCH_USER_PATHS = NO;
				CLANG_ANALYZER_NONNULL = YES;
				CLANG_ANALYZER_NUMBER_OBJECT_CONVERSION = YES_AGGRESSIVE;
				CLANG_CXX_LANGUAGE_STANDARD = "gnu++14";
				CLANG_CXX_LIBRARY = "libc++";
				CLANG_ENABLE_MODULES = YES;
				CLANG_ENABLE_OBJC_ARC = YES;
				CLANG_ENABLE_OBJC_WEAK = YES;
				CLANG_WARN_BLOCK_CAPTURE_AUTORELEASING = YES;
				CLANG_WARN_BOOL_CONVERSION = YES;
				CLANG_WARN_COMMA = YES;
				CLANG_WARN_CONSTANT_CONVERSION = YES;
				CLANG_WARN_DEPRECATED_OBJC_IMPLEMENTATIONS = YES;
				CLANG_WARN_DIRECT_OBJC_ISA_USAGE = YES_ERROR;
				CLANG_WARN_DOCUMENTATION_COMMENTS = YES;
				CLANG_WARN_EMPTY_BODY = YES;
				CLANG_WARN_ENUM_CONVERSION = YES;
				CLANG_WARN_INFINITE_RECURSION = YES;
				CLANG_WARN_INT_CONVERSION = YES;
				CLANG_WARN_NON_LITERAL_NULL_CONVERSION = YES;
				CLANG_WARN_OBJC_IMPLICIT_RETAIN_SELF = YES;
				CLANG_WARN_OBJC_LITERAL_CONVERSION = YES;
				CLANG_WARN_OBJC_ROOT_CLASS = YES_ERROR;
				CLANG_WARN_RANGE_LOOP_ANALYSIS = YES;
				CLANG_WARN_STRICT_PROTOTYPES = YES;
				CLANG_WARN_SUSPICIOUS_MOVE = YES;
				CLANG_WARN_UNGUARDED_AVAILABILITY = YES_AGGRESSIVE;
				CLANG_WARN_UNREACHABLE_CODE = YES;
				CLANG_WARN__DUPLICATE_METHOD_MATCH = YES;
				CODE_SIGN_IDENTITY = "iPhone Developer";
				COPY_PHASE_STRIP = NO;
				DEBUG_INFORMATION_FORMAT = "dwarf-with-dsym";
				ENABLE_NS_ASSERTIONS = NO;
				ENABLE_STRICT_OBJC_MSGSEND = YES;
				GCC_C_LANGUAGE_STANDARD = gnu11;
				GCC_NO_COMMON_BLOCKS = YES;
				GCC_WARN_64_TO_32_BIT_CONVERSION = YES;
				GCC_WARN_ABOUT_RETURN_TYPE = YES_ERROR;
				GCC_WARN_UNDECLARED_SELECTOR = YES;
				GCC_WARN_UNINITIALIZED_AUTOS = YES_AGGRESSIVE;
				GCC_WARN_UNUSED_FUNCTION = YES;
				GCC_WARN_UNUSED_VARIABLE = YES;
				IPHONEOS_DEPLOYMENT_TARGET = 11.3;
				MTL_ENABLE_DEBUG_INFO = NO;
				SDKROOT = iphoneos;
				VALIDATE_PRODUCT = YES;
			};
			name = Release;
		};
		B0DC631220AD169900A4BFBE /* Debug */ = {
			isa = XCBuildConfiguration;
			baseConfigurationReference = 4DE420EC0D369F6B454D636E /* Pods-Test.debug.xcconfig */;
			buildSettings = {
				ASSETCATALOG_COMPILER_APPICON_NAME = AppIcon;
				CODE_SIGN_STYLE = Manual;
				DEVELOPMENT_TEAM = "";
				INFOPLIST_FILE = Test/Info.plist;
				IPHONEOS_DEPLOYMENT_TARGET = 8.0;
				LD_RUNPATH_SEARCH_PATHS = "$(inherited) @executable_path/Frameworks";
				PRODUCT_BUNDLE_IDENTIFIER = china.Test;
				PRODUCT_NAME = "$(TARGET_NAME)";
				PROVISIONING_PROFILE_SPECIFIER = "";
				TARGETED_DEVICE_FAMILY = "1,2";
			};
			name = Debug;
		};
		B0DC631320AD169900A4BFBE /* Release */ = {
			isa = XCBuildConfiguration;
			baseConfigurationReference = CA8997C71B4E209E1EB7590B /* Pods-Test.release.xcconfig */;
			buildSettings = {
				ASSETCATALOG_COMPILER_APPICON_NAME = AppIcon;
				CODE_SIGN_STYLE = Manual;
				DEVELOPMENT_TEAM = "";
				INFOPLIST_FILE = Test/Info.plist;
				IPHONEOS_DEPLOYMENT_TARGET = 8.0;
				LD_RUNPATH_SEARCH_PATHS = "$(inherited) @executable_path/Frameworks";
				PRODUCT_BUNDLE_IDENTIFIER = china.Test;
				PRODUCT_NAME = "$(TARGET_NAME)";
				PROVISIONING_PROFILE_SPECIFIER = "";
				TARGETED_DEVICE_FAMILY = "1,2";
			};
			name = Release;
		};
/* End XCBuildConfiguration section */

/* Begin XCConfigurationList section */
		B0DC62F620AD169400A4BFBE /* Build configuration list for PBXProject "Test" */ = {
			isa = XCConfigurationList;
			buildConfigurations = (
				B0DC630F20AD169900A4BFBE /* Debug */,
				B0DC631020AD169900A4BFBE /* Release */,
			);
			defaultConfigurationIsVisible = 0;
			defaultConfigurationName = Release;
		};
		B0DC631120AD169900A4BFBE /* Build configuration list for PBXNativeTarget "Test" */ = {
			isa = XCConfigurationList;
			buildConfigurations = (
				B0DC631220AD169900A4BFBE /* Debug */,
				B0DC631320AD169900A4BFBE /* Release */,
			);
			defaultConfigurationIsVisible = 0;
			defaultConfigurationName = Release;
		};
/* End XCConfigurationList section */
	};
	rootObject = B0DC62F320AD169400A4BFBE /* Project object */;
}
