PODS:
  - BlocksKit (2.2.5):
    - BlocksKit/All (= 2.2.5)
  - BlocksKit/All (2.2.5):
    - BlocksKit/Core
    - BlocksKit/DynamicDelegate
    - BlocksKit/MessageUI
    - BlocksKit/UIKit
  - BlocksKit/Core (2.2.5)
  - BlocksKit/DynamicDelegate (2.2.5)
  - BlocksKit/MessageUI (2.2.5):
    - BlocksKit/Core
    - BlocksKit/DynamicDelegate
  - BlocksKit/UIKit (2.2.5):
    - BlocksKit/Core
    - BlocksKit/DynamicDelegate
  - BMLongPressDragCellCollectionView (3.1.3)
  - Masonry (1.1.0)
  - SnapKit (4.2.0)
  - SVProgressHUD (2.2.2)
  - UICollectionViewDynamicLayoutCacheSize (3.1.3)
  - WMPageController (2.3.0)

DEPENDENCIES:
  - BlocksKit (= 2.2.5)
  - BMLongPressDragCellCollectionView (from `../`)
  - Masonry
  - SnapKit
  - SVProgressHUD (= 2.2.2)
  - UICollectionViewDynamicLayoutCacheSize (= 3.1.3)
  - WMPageController (= 2.3.0)

SPEC REPOS:
  trunk:
    - BlocksKit
    - Masonry
    - SnapKit
    - SVProgressHUD
    - UICollectionViewDynamicLayoutCacheSize
    - WMPageController

EXTERNAL SOURCES:
  BMLongPressDragCellCollectionView:
    :path: "../"

SPEC CHECKSUMS:
  BlocksKit: 7f422b971407001178d181a43b99014ea2591fe6
  BMLongPressDragCellCollectionView: 915011b2594cd4e6037e43792ce8e1b4c994071e
  Masonry: 678fab65091a9290e40e2832a55e7ab731aad201
  SnapKit: fe8a619752f3f27075cc9a90244d75c6c3f27e2a
  SVProgressHUD: 59b2d3dabacbd051576d21d32293ca7228dc18b0
  UICollectionViewDynamicLayoutCacheSize: 647ec45e5e90a7354cc44ef31ea44cdf648df287
  WMPageController: 9f219bb8912a1a1f51af11fde61e2682a7b7e7f2

PODFILE CHECKSUM: 912a7db83ceede4158dfe7662553b39d33e94e4a

COCOAPODS: 1.10.0
