PODS:
  - BMLongPressDragCellCollectionView (3.1.2)

DEPENDENCIES:
  - BMLongPressDragCellCollectionView (from `../`)

EXTERNAL SOURCES:
  BMLongPressDragCellCollectionView:
    :path: "../"

SPEC CHECKSUMS:
  BMLongPressDragCellCollectionView: 3faf688193982228e7249348fbb0a5e65636202d

PODFILE CHECKSUM: 556742e759311ddf434fadee64867248dd554e61

COCOAPODS: 1.9.3
