// !$*UTF8*$!
{
	archiveVersion = 1;
	classes = {
	};
	objectVersion = 46;
	objects = {

/* Begin PBXBuildFile section */
		3BFA00F61E6034BE00CB6345 /* XWDragCellCollectionView.m in Sources */ = {isa = PBXBuildFile; fileRef = 3BFA00F51E6034BE00CB6345 /* XWDragCellCollectionView.m */; };
		40A234281C3A609F008B710C /* main.m in Sources */ = {isa = PBXBuildFile; fileRef = 40A234271C3A609F008B710C /* main.m */; };
		40A2342B1C3A609F008B710C /* AppDelegate.m in Sources */ = {isa = PBXBuildFile; fileRef = 40A2342A1C3A609F008B710C /* AppDelegate.m */; };
		40A2342E1C3A609F008B710C /* ViewController.m in Sources */ = {isa = PBXBuildFile; fileRef = 40A2342D1C3A609F008B710C /* ViewController.m */; };
		40A234311C3A60A0008B710C /* Main.storyboard in Resources */ = {isa = PBXBuildFile; fileRef = 40A2342F1C3A60A0008B710C /* Main.storyboard */; };
		40A234331C3A60A0008B710C /* Assets.xcassets in Resources */ = {isa = PBXBuildFile; fileRef = 40A234321C3A60A0008B710C /* Assets.xcassets */; };
		40A234361C3A60A0008B710C /* LaunchScreen.storyboard in Resources */ = {isa = PBXBuildFile; fileRef = 40A234341C3A60A0008B710C /* LaunchScreen.storyboard */; };
		40A2343F1C3A60C2008B710C /* XWCell.m in Sources */ = {isa = PBXBuildFile; fileRef = 40A2343E1C3A60C2008B710C /* XWCell.m */; };
		40A234411C3A60DD008B710C /* XWCell.xib in Resources */ = {isa = PBXBuildFile; fileRef = 40A234401C3A60DD008B710C /* XWCell.xib */; };
		8BC29DAD1C3AC63900DEF66D /* XWCellModel.m in Sources */ = {isa = PBXBuildFile; fileRef = 8BC29DAC1C3AC63900DEF66D /* XWCellModel.m */; };
/* End PBXBuildFile section */

/* Begin PBXFileReference section */
		3BFA00F41E6034BE00CB6345 /* XWDragCellCollectionView.h */ = {isa = PBXFileReference; fileEncoding = 4; lastKnownFileType = sourcecode.c.h; name = XWDragCellCollectionView.h; path = ../../XWDragCellCollectionView/XWDragCellCollectionView.h; sourceTree = "<group>"; };
		3BFA00F51E6034BE00CB6345 /* XWDragCellCollectionView.m */ = {isa = PBXFileReference; fileEncoding = 4; lastKnownFileType = sourcecode.c.objc; name = XWDragCellCollectionView.m; path = ../../XWDragCellCollectionView/XWDragCellCollectionView.m; sourceTree = "<group>"; };
		40A234231C3A609F008B710C /* PanCollectionView.app */ = {isa = PBXFileReference; explicitFileType = wrapper.application; includeInIndex = 0; path = PanCollectionView.app; sourceTree = BUILT_PRODUCTS_DIR; };
		40A234271C3A609F008B710C /* main.m */ = {isa = PBXFileReference; lastKnownFileType = sourcecode.c.objc; path = main.m; sourceTree = "<group>"; };
		40A234291C3A609F008B710C /* AppDelegate.h */ = {isa = PBXFileReference; lastKnownFileType = sourcecode.c.h; path = AppDelegate.h; sourceTree = "<group>"; };
		40A2342A1C3A609F008B710C /* AppDelegate.m */ = {isa = PBXFileReference; lastKnownFileType = sourcecode.c.objc; path = AppDelegate.m; sourceTree = "<group>"; };
		40A2342C1C3A609F008B710C /* ViewController.h */ = {isa = PBXFileReference; lastKnownFileType = sourcecode.c.h; path = ViewController.h; sourceTree = "<group>"; };
		40A2342D1C3A609F008B710C /* ViewController.m */ = {isa = PBXFileReference; lastKnownFileType = sourcecode.c.objc; path = ViewController.m; sourceTree = "<group>"; };
		40A234301C3A60A0008B710C /* Base */ = {isa = PBXFileReference; lastKnownFileType = file.storyboard; name = Base; path = Base.lproj/Main.storyboard; sourceTree = "<group>"; };
		40A234321C3A60A0008B710C /* Assets.xcassets */ = {isa = PBXFileReference; lastKnownFileType = folder.assetcatalog; path = Assets.xcassets; sourceTree = "<group>"; };
		40A234351C3A60A0008B710C /* Base */ = {isa = PBXFileReference; lastKnownFileType = file.storyboard; name = Base; path = Base.lproj/LaunchScreen.storyboard; sourceTree = "<group>"; };
		40A234371C3A60A0008B710C /* Info.plist */ = {isa = PBXFileReference; lastKnownFileType = text.plist.xml; path = Info.plist; sourceTree = "<group>"; };
		40A2343D1C3A60C2008B710C /* XWCell.h */ = {isa = PBXFileReference; fileEncoding = 4; lastKnownFileType = sourcecode.c.h; path = XWCell.h; sourceTree = "<group>"; };
		40A2343E1C3A60C2008B710C /* XWCell.m */ = {isa = PBXFileReference; fileEncoding = 4; lastKnownFileType = sourcecode.c.objc; path = XWCell.m; sourceTree = "<group>"; };
		40A234401C3A60DD008B710C /* XWCell.xib */ = {isa = PBXFileReference; fileEncoding = 4; lastKnownFileType = file.xib; path = XWCell.xib; sourceTree = "<group>"; };
		8BC29DAB1C3AC63900DEF66D /* XWCellModel.h */ = {isa = PBXFileReference; fileEncoding = 4; lastKnownFileType = sourcecode.c.h; path = XWCellModel.h; sourceTree = "<group>"; };
		8BC29DAC1C3AC63900DEF66D /* XWCellModel.m */ = {isa = PBXFileReference; fileEncoding = 4; lastKnownFileType = sourcecode.c.objc; path = XWCellModel.m; sourceTree = "<group>"; };
/* End PBXFileReference section */

/* Begin PBXFrameworksBuildPhase section */
		40A234201C3A609F008B710C /* Frameworks */ = {
			isa = PBXFrameworksBuildPhase;
			buildActionMask = 2147483647;
			files = (
			);
			runOnlyForDeploymentPostprocessing = 0;
		};
/* End PBXFrameworksBuildPhase section */

/* Begin PBXGroup section */
		40A2341A1C3A609F008B710C = {
			isa = PBXGroup;
			children = (
				40A234251C3A609F008B710C /* PanCollectionView */,
				40A234241C3A609F008B710C /* Products */,
			);
			sourceTree = "<group>";
		};
		40A234241C3A609F008B710C /* Products */ = {
			isa = PBXGroup;
			children = (
				40A234231C3A609F008B710C /* PanCollectionView.app */,
			);
			name = Products;
			sourceTree = "<group>";
		};
		40A234251C3A609F008B710C /* PanCollectionView */ = {
			isa = PBXGroup;
			children = (
				3BFA00F41E6034BE00CB6345 /* XWDragCellCollectionView.h */,
				3BFA00F51E6034BE00CB6345 /* XWDragCellCollectionView.m */,
				40A234291C3A609F008B710C /* AppDelegate.h */,
				40A2342A1C3A609F008B710C /* AppDelegate.m */,
				40A2342C1C3A609F008B710C /* ViewController.h */,
				40A2342D1C3A609F008B710C /* ViewController.m */,
				40A2343D1C3A60C2008B710C /* XWCell.h */,
				40A2343E1C3A60C2008B710C /* XWCell.m */,
				8BC29DAB1C3AC63900DEF66D /* XWCellModel.h */,
				8BC29DAC1C3AC63900DEF66D /* XWCellModel.m */,
				40A234401C3A60DD008B710C /* XWCell.xib */,
				40A2342F1C3A60A0008B710C /* Main.storyboard */,
				40A234321C3A60A0008B710C /* Assets.xcassets */,
				40A234341C3A60A0008B710C /* LaunchScreen.storyboard */,
				40A234371C3A60A0008B710C /* Info.plist */,
				40A234261C3A609F008B710C /* Supporting Files */,
			);
			path = PanCollectionView;
			sourceTree = "<group>";
		};
		40A234261C3A609F008B710C /* Supporting Files */ = {
			isa = PBXGroup;
			children = (
				40A234271C3A609F008B710C /* main.m */,
			);
			name = "Supporting Files";
			sourceTree = "<group>";
		};
/* End PBXGroup section */

/* Begin PBXNativeTarget section */
		40A234221C3A609F008B710C /* PanCollectionView */ = {
			isa = PBXNativeTarget;
			buildConfigurationList = 40A2343A1C3A60A0008B710C /* Build configuration list for PBXNativeTarget "PanCollectionView" */;
			buildPhases = (
				40A2341F1C3A609F008B710C /* Sources */,
				40A234201C3A609F008B710C /* Frameworks */,
				40A234211C3A609F008B710C /* Resources */,
			);
			buildRules = (
			);
			dependencies = (
			);
			name = PanCollectionView;
			productName = PanCollectionView;
			productReference = 40A234231C3A609F008B710C /* PanCollectionView.app */;
			productType = "com.apple.product-type.application";
		};
/* End PBXNativeTarget section */

/* Begin PBXProject section */
		40A2341B1C3A609F008B710C /* Project object */ = {
			isa = PBXProject;
			attributes = {
				LastUpgradeCheck = 0800;
				ORGANIZATIONNAME = wazrx;
				TargetAttributes = {
					40A234221C3A609F008B710C = {
						CreatedOnToolsVersion = 7.1;
						DevelopmentTeam = 4TH838523D;
					};
				};
			};
			buildConfigurationList = 40A2341E1C3A609F008B710C /* Build configuration list for PBXProject "PanCollectionView" */;
			compatibilityVersion = "Xcode 3.2";
			developmentRegion = English;
			hasScannedForEncodings = 0;
			knownRegions = (
				en,
				Base,
			);
			mainGroup = 40A2341A1C3A609F008B710C;
			productRefGroup = 40A234241C3A609F008B710C /* Products */;
			projectDirPath = "";
			projectRoot = "";
			targets = (
				40A234221C3A609F008B710C /* PanCollectionView */,
			);
		};
/* End PBXProject section */

/* Begin PBXResourcesBuildPhase section */
		40A234211C3A609F008B710C /* Resources */ = {
			isa = PBXResourcesBuildPhase;
			buildActionMask = 2147483647;
			files = (
				40A234361C3A60A0008B710C /* LaunchScreen.storyboard in Resources */,
				40A234331C3A60A0008B710C /* Assets.xcassets in Resources */,
				40A234411C3A60DD008B710C /* XWCell.xib in Resources */,
				40A234311C3A60A0008B710C /* Main.storyboard in Resources */,
			);
			runOnlyForDeploymentPostprocessing = 0;
		};
/* End PBXResourcesBuildPhase section */

/* Begin PBXSourcesBuildPhase section */
		40A2341F1C3A609F008B710C /* Sources */ = {
			isa = PBXSourcesBuildPhase;
			buildActionMask = 2147483647;
			files = (
				40A2342E1C3A609F008B710C /* ViewController.m in Sources */,
				40A2342B1C3A609F008B710C /* AppDelegate.m in Sources */,
				8BC29DAD1C3AC63900DEF66D /* XWCellModel.m in Sources */,
				3BFA00F61E6034BE00CB6345 /* XWDragCellCollectionView.m in Sources */,
				40A2343F1C3A60C2008B710C /* XWCell.m in Sources */,
				40A234281C3A609F008B710C /* main.m in Sources */,
			);
			runOnlyForDeploymentPostprocessing = 0;
		};
/* End PBXSourcesBuildPhase section */

/* Begin PBXVariantGroup section */
		40A2342F1C3A60A0008B710C /* Main.storyboard */ = {
			isa = PBXVariantGroup;
			children = (
				40A234301C3A60A0008B710C /* Base */,
			);
			name = Main.storyboard;
			sourceTree = "<group>";
		};
		40A234341C3A60A0008B710C /* LaunchScreen.storyboard */ = {
			isa = PBXVariantGroup;
			children = (
				40A234351C3A60A0008B710C /* Base */,
			);
			name = LaunchScreen.storyboard;
			sourceTree = "<group>";
		};
/* End PBXVariantGroup section */

/* Begin XCBuildConfiguration section */
		40A234381C3A60A0008B710C /* Debug */ = {
			isa = XCBuildConfiguration;
			buildSettings = {
				ALWAYS_SEARCH_USER_PATHS = NO;
				CLANG_CXX_LANGUAGE_STANDARD = "gnu++0x";
				CLANG_CXX_LIBRARY = "libc++";
				CLANG_ENABLE_MODULES = YES;
				CLANG_ENABLE_OBJC_ARC = YES;
				CLANG_WARN_BOOL_CONVERSION = YES;
				CLANG_WARN_CONSTANT_CONVERSION = YES;
				CLANG_WARN_DIRECT_OBJC_ISA_USAGE = YES_ERROR;
				CLANG_WARN_EMPTY_BODY = YES;
				CLANG_WARN_ENUM_CONVERSION = YES;
				CLANG_WARN_INFINITE_RECURSION = YES;
				CLANG_WARN_INT_CONVERSION = YES;
				CLANG_WARN_OBJC_ROOT_CLASS = YES_ERROR;
				CLANG_WARN_SUSPICIOUS_MOVE = YES;
				CLANG_WARN_UNREACHABLE_CODE = YES;
				CLANG_WARN__DUPLICATE_METHOD_MATCH = YES;
				"CODE_SIGN_IDENTITY[sdk=iphoneos*]" = "iPhone Developer";
				COPY_PHASE_STRIP = NO;
				DEBUG_INFORMATION_FORMAT = dwarf;
				ENABLE_STRICT_OBJC_MSGSEND = YES;
				ENABLE_TESTABILITY = YES;
				GCC_C_LANGUAGE_STANDARD = gnu99;
				GCC_DYNAMIC_NO_PIC = NO;
				GCC_NO_COMMON_BLOCKS = YES;
				GCC_OPTIMIZATION_LEVEL = 0;
				GCC_PREPROCESSOR_DEFINITIONS = (
					"DEBUG=1",
					"$(inherited)",
				);
				GCC_WARN_64_TO_32_BIT_CONVERSION = YES;
				GCC_WARN_ABOUT_RETURN_TYPE = YES_ERROR;
				GCC_WARN_UNDECLARED_SELECTOR = YES;
				GCC_WARN_UNINITIALIZED_AUTOS = YES_AGGRESSIVE;
				GCC_WARN_UNUSED_FUNCTION = YES;
				GCC_WARN_UNUSED_VARIABLE = YES;
				IPHONEOS_DEPLOYMENT_TARGET = 9.1;
				MTL_ENABLE_DEBUG_INFO = YES;
				ONLY_ACTIVE_ARCH = YES;
				SDKROOT = iphoneos;
			};
			name = Debug;
		};
		40A234391C3A60A0008B710C /* Release */ = {
			isa = XCBuildConfiguration;
			buildSettings = {
				ALWAYS_SEARCH_USER_PATHS = NO;
				CLANG_CXX_LANGUAGE_STANDARD = "gnu++0x";
				CLANG_CXX_LIBRARY = "libc++";
				CLANG_ENABLE_MODULES = YES;
				CLANG_ENABLE_OBJC_ARC = YES;
				CLANG_WARN_BOOL_CONVERSION = YES;
				CLANG_WARN_CONSTANT_CONVERSION = YES;
				CLANG_WARN_DIRECT_OBJC_ISA_USAGE = YES_ERROR;
				CLANG_WARN_EMPTY_BODY = YES;
				CLANG_WARN_ENUM_CONVERSION = YES;
				CLANG_WARN_INFINITE_RECURSION = YES;
				CLANG_WARN_INT_CONVERSION = YES;
				CLANG_WARN_OBJC_ROOT_CLASS = YES_ERROR;
				CLANG_WARN_SUSPICIOUS_MOVE = YES;
				CLANG_WARN_UNREACHABLE_CODE = YES;
				CLANG_WARN__DUPLICATE_METHOD_MATCH = YES;
				"CODE_SIGN_IDENTITY[sdk=iphoneos*]" = "iPhone Developer";
				COPY_PHASE_STRIP = NO;
				DEBUG_INFORMATION_FORMAT = "dwarf-with-dsym";
				ENABLE_NS_ASSERTIONS = NO;
				ENABLE_STRICT_OBJC_MSGSEND = YES;
				GCC_C_LANGUAGE_STANDARD = gnu99;
				GCC_NO_COMMON_BLOCKS = YES;
				GCC_WARN_64_TO_32_BIT_CONVERSION = YES;
				GCC_WARN_ABOUT_RETURN_TYPE = YES_ERROR;
				GCC_WARN_UNDECLARED_SELECTOR = YES;
				GCC_WARN_UNINITIALIZED_AUTOS = YES_AGGRESSIVE;
				GCC_WARN_UNUSED_FUNCTION = YES;
				GCC_WARN_UNUSED_VARIABLE = YES;
				IPHONEOS_DEPLOYMENT_TARGET = 9.1;
				MTL_ENABLE_DEBUG_INFO = NO;
				SDKROOT = iphoneos;
				VALIDATE_PRODUCT = YES;
			};
			name = Release;
		};
		40A2343B1C3A60A0008B710C /* Debug */ = {
			isa = XCBuildConfiguration;
			buildSettings = {
				ASSETCATALOG_COMPILER_APPICON_NAME = AppIcon;
				CODE_SIGN_IDENTITY = "iPhone Developer";
				DEVELOPMENT_TEAM = 4TH838523D;
				INFOPLIST_FILE = PanCollectionView/Info.plist;
				LD_RUNPATH_SEARCH_PATHS = "$(inherited) @executable_path/Frameworks";
				PRODUCT_BUNDLE_IDENTIFIER = com.youloft.PanCollectionView;
				PRODUCT_NAME = "$(TARGET_NAME)";
			};
			name = Debug;
		};
		40A2343C1C3A60A0008B710C /* Release */ = {
			isa = XCBuildConfiguration;
			buildSettings = {
				ASSETCATALOG_COMPILER_APPICON_NAME = AppIcon;
				CODE_SIGN_IDENTITY = "iPhone Developer";
				DEVELOPMENT_TEAM = 4TH838523D;
				INFOPLIST_FILE = PanCollectionView/Info.plist;
				LD_RUNPATH_SEARCH_PATHS = "$(inherited) @executable_path/Frameworks";
				PRODUCT_BUNDLE_IDENTIFIER = com.youloft.PanCollectionView;
				PRODUCT_NAME = "$(TARGET_NAME)";
			};
			name = Release;
		};
/* End XCBuildConfiguration section */

/* Begin XCConfigurationList section */
		40A2341E1C3A609F008B710C /* Build configuration list for PBXProject "PanCollectionView" */ = {
			isa = XCConfigurationList;
			buildConfigurations = (
				40A234381C3A60A0008B710C /* Debug */,
				40A234391C3A60A0008B710C /* Release */,
			);
			defaultConfigurationIsVisible = 0;
			defaultConfigurationName = Release;
		};
		40A2343A1C3A60A0008B710C /* Build configuration list for PBXNativeTarget "PanCollectionView" */ = {
			isa = XCConfigurationList;
			buildConfigurations = (
				40A2343B1C3A60A0008B710C /* Debug */,
				40A2343C1C3A60A0008B710C /* Release */,
			);
			defaultConfigurationIsVisible = 0;
			defaultConfigurationName = Release;
		};
/* End XCConfigurationList section */
	};
	rootObject = 40A2341B1C3A609F008B710C /* Project object */;
}
