// !$*UTF8*$!
{
	archiveVersion = 1;
	classes = {
	};
	objectVersion = 46;
	objects = {

/* Begin PBXBuildFile section */
		63564D771D2AA7DC00AA756C /* main.m in Sources */ = {isa = PBXBuildFile; fileRef = 63564D761D2AA7DC00AA756C /* main.m */; };
		63564D7A1D2AA7DC00AA756C /* AppDelegate.m in Sources */ = {isa = PBXBuildFile; fileRef = 63564D791D2AA7DC00AA756C /* AppDelegate.m */; };
		63564D7D1D2AA7DC00AA756C /* ViewController.m in Sources */ = {isa = PBXBuildFile; fileRef = 63564D7C1D2AA7DC00AA756C /* ViewController.m */; };
		63564D801D2AA7DC00AA756C /* Main.storyboard in Resources */ = {isa = PBXBuildFile; fileRef = 63564D7E1D2AA7DC00AA756C /* Main.storyboard */; };
		63564D821D2AA7DC00AA756C /* Assets.xcassets in Resources */ = {isa = PBXBuildFile; fileRef = 63564D811D2AA7DC00AA756C /* Assets.xcassets */; };
		63564D851D2AA7DC00AA756C /* LaunchScreen.storyboard in Resources */ = {isa = PBXBuildFile; fileRef = 63564D831D2AA7DC00AA756C /* LaunchScreen.storyboard */; };
		63564D901D2AA7DD00AA756C /* LDChainedTests.m in Sources */ = {isa = PBXBuildFile; fileRef = 63564D8F1D2AA7DD00AA756C /* LDChainedTests.m */; };
		63564D9B1D2AA7DD00AA756C /* LDChainedUITests.m in Sources */ = {isa = PBXBuildFile; fileRef = 63564D9A1D2AA7DD00AA756C /* LDChainedUITests.m */; };
		ED5551D01D2B8B1D00EDFECB /* UIButton+Chained.m in Sources */ = {isa = PBXBuildFile; fileRef = ED5551C01D2B8B1D00EDFECB /* UIButton+Chained.m */; };
		ED5551D11D2B8B1D00EDFECB /* UIImageView+Chained.m in Sources */ = {isa = PBXBuildFile; fileRef = ED5551C31D2B8B1D00EDFECB /* UIImageView+Chained.m */; };
		ED5551D21D2B8B1D00EDFECB /* UILabel+Chained.m in Sources */ = {isa = PBXBuildFile; fileRef = ED5551C61D2B8B1D00EDFECB /* UILabel+Chained.m */; };
		ED5551D31D2B8B1D00EDFECB /* UITableView+Chained.m in Sources */ = {isa = PBXBuildFile; fileRef = ED5551C91D2B8B1D00EDFECB /* UITableView+Chained.m */; };
		ED5551D41D2B8B1D00EDFECB /* UITextField+Chained.m in Sources */ = {isa = PBXBuildFile; fileRef = ED5551CC1D2B8B1D00EDFECB /* UITextField+Chained.m */; };
		ED5551D51D2B8B1D00EDFECB /* UIView+Chained.m in Sources */ = {isa = PBXBuildFile; fileRef = ED5551CF1D2B8B1D00EDFECB /* UIView+Chained.m */; };
/* End PBXBuildFile section */

/* Begin PBXContainerItemProxy section */
		63564D8C1D2AA7DD00AA756C /* PBXContainerItemProxy */ = {
			isa = PBXContainerItemProxy;
			containerPortal = 63564D6A1D2AA7DC00AA756C /* Project object */;
			proxyType = 1;
			remoteGlobalIDString = 63564D711D2AA7DC00AA756C;
			remoteInfo = LDChained;
		};
		63564D971D2AA7DD00AA756C /* PBXContainerItemProxy */ = {
			isa = PBXContainerItemProxy;
			containerPortal = 63564D6A1D2AA7DC00AA756C /* Project object */;
			proxyType = 1;
			remoteGlobalIDString = 63564D711D2AA7DC00AA756C;
			remoteInfo = LDChained;
		};
/* End PBXContainerItemProxy section */

/* Begin PBXFileReference section */
		63564D721D2AA7DC00AA756C /* LDChained.app */ = {isa = PBXFileReference; explicitFileType = wrapper.application; includeInIndex = 0; path = LDChained.app; sourceTree = BUILT_PRODUCTS_DIR; };
		63564D761D2AA7DC00AA756C /* main.m */ = {isa = PBXFileReference; lastKnownFileType = sourcecode.c.objc; path = main.m; sourceTree = "<group>"; };
		63564D781D2AA7DC00AA756C /* AppDelegate.h */ = {isa = PBXFileReference; lastKnownFileType = sourcecode.c.h; path = AppDelegate.h; sourceTree = "<group>"; };
		63564D791D2AA7DC00AA756C /* AppDelegate.m */ = {isa = PBXFileReference; lastKnownFileType = sourcecode.c.objc; path = AppDelegate.m; sourceTree = "<group>"; };
		63564D7B1D2AA7DC00AA756C /* ViewController.h */ = {isa = PBXFileReference; lastKnownFileType = sourcecode.c.h; path = ViewController.h; sourceTree = "<group>"; };
		63564D7C1D2AA7DC00AA756C /* ViewController.m */ = {isa = PBXFileReference; lastKnownFileType = sourcecode.c.objc; path = ViewController.m; sourceTree = "<group>"; };
		63564D7F1D2AA7DC00AA756C /* Base */ = {isa = PBXFileReference; lastKnownFileType = file.storyboard; name = Base; path = Base.lproj/Main.storyboard; sourceTree = "<group>"; };
		63564D811D2AA7DC00AA756C /* Assets.xcassets */ = {isa = PBXFileReference; lastKnownFileType = folder.assetcatalog; path = Assets.xcassets; sourceTree = "<group>"; };
		63564D841D2AA7DC00AA756C /* Base */ = {isa = PBXFileReference; lastKnownFileType = file.storyboard; name = Base; path = Base.lproj/LaunchScreen.storyboard; sourceTree = "<group>"; };
		63564D861D2AA7DC00AA756C /* Info.plist */ = {isa = PBXFileReference; lastKnownFileType = text.plist.xml; path = Info.plist; sourceTree = "<group>"; };
		63564D8B1D2AA7DD00AA756C /* LDChainedTests.xctest */ = {isa = PBXFileReference; explicitFileType = wrapper.cfbundle; includeInIndex = 0; path = LDChainedTests.xctest; sourceTree = BUILT_PRODUCTS_DIR; };
		63564D8F1D2AA7DD00AA756C /* LDChainedTests.m */ = {isa = PBXFileReference; lastKnownFileType = sourcecode.c.objc; path = LDChainedTests.m; sourceTree = "<group>"; };
		63564D911D2AA7DD00AA756C /* Info.plist */ = {isa = PBXFileReference; lastKnownFileType = text.plist.xml; path = Info.plist; sourceTree = "<group>"; };
		63564D961D2AA7DD00AA756C /* LDChainedUITests.xctest */ = {isa = PBXFileReference; explicitFileType = wrapper.cfbundle; includeInIndex = 0; path = LDChainedUITests.xctest; sourceTree = BUILT_PRODUCTS_DIR; };
		63564D9A1D2AA7DD00AA756C /* LDChainedUITests.m */ = {isa = PBXFileReference; lastKnownFileType = sourcecode.c.objc; path = LDChainedUITests.m; sourceTree = "<group>"; };
		63564D9C1D2AA7DD00AA756C /* Info.plist */ = {isa = PBXFileReference; lastKnownFileType = text.plist.xml; path = Info.plist; sourceTree = "<group>"; };
		ED5551BC1D2B8B1D00EDFECB /* LDChained.h */ = {isa = PBXFileReference; fileEncoding = 4; lastKnownFileType = sourcecode.c.h; path = LDChained.h; sourceTree = "<group>"; };
		ED5551BD1D2B8B1D00EDFECB /* LDDefinition.h */ = {isa = PBXFileReference; fileEncoding = 4; lastKnownFileType = sourcecode.c.h; path = LDDefinition.h; sourceTree = "<group>"; };
		ED5551BF1D2B8B1D00EDFECB /* UIButton+Chained.h */ = {isa = PBXFileReference; fileEncoding = 4; lastKnownFileType = sourcecode.c.h; path = "UIButton+Chained.h"; sourceTree = "<group>"; };
		ED5551C01D2B8B1D00EDFECB /* UIButton+Chained.m */ = {isa = PBXFileReference; fileEncoding = 4; lastKnownFileType = sourcecode.c.objc; path = "UIButton+Chained.m"; sourceTree = "<group>"; };
		ED5551C21D2B8B1D00EDFECB /* UIImageView+Chained.h */ = {isa = PBXFileReference; fileEncoding = 4; lastKnownFileType = sourcecode.c.h; path = "UIImageView+Chained.h"; sourceTree = "<group>"; };
		ED5551C31D2B8B1D00EDFECB /* UIImageView+Chained.m */ = {isa = PBXFileReference; fileEncoding = 4; lastKnownFileType = sourcecode.c.objc; path = "UIImageView+Chained.m"; sourceTree = "<group>"; };
		ED5551C51D2B8B1D00EDFECB /* UILabel+Chained.h */ = {isa = PBXFileReference; fileEncoding = 4; lastKnownFileType = sourcecode.c.h; path = "UILabel+Chained.h"; sourceTree = "<group>"; };
		ED5551C61D2B8B1D00EDFECB /* UILabel+Chained.m */ = {isa = PBXFileReference; fileEncoding = 4; lastKnownFileType = sourcecode.c.objc; path = "UILabel+Chained.m"; sourceTree = "<group>"; };
		ED5551C81D2B8B1D00EDFECB /* UITableView+Chained.h */ = {isa = PBXFileReference; fileEncoding = 4; lastKnownFileType = sourcecode.c.h; path = "UITableView+Chained.h"; sourceTree = "<group>"; };
		ED5551C91D2B8B1D00EDFECB /* UITableView+Chained.m */ = {isa = PBXFileReference; fileEncoding = 4; lastKnownFileType = sourcecode.c.objc; path = "UITableView+Chained.m"; sourceTree = "<group>"; };
		ED5551CB1D2B8B1D00EDFECB /* UITextField+Chained.h */ = {isa = PBXFileReference; fileEncoding = 4; lastKnownFileType = sourcecode.c.h; path = "UITextField+Chained.h"; sourceTree = "<group>"; };
		ED5551CC1D2B8B1D00EDFECB /* UITextField+Chained.m */ = {isa = PBXFileReference; fileEncoding = 4; lastKnownFileType = sourcecode.c.objc; path = "UITextField+Chained.m"; sourceTree = "<group>"; };
		ED5551CE1D2B8B1D00EDFECB /* UIView+Chained.h */ = {isa = PBXFileReference; fileEncoding = 4; lastKnownFileType = sourcecode.c.h; path = "UIView+Chained.h"; sourceTree = "<group>"; };
		ED5551CF1D2B8B1D00EDFECB /* UIView+Chained.m */ = {isa = PBXFileReference; fileEncoding = 4; lastKnownFileType = sourcecode.c.objc; path = "UIView+Chained.m"; sourceTree = "<group>"; };
/* End PBXFileReference section */

/* Begin PBXFrameworksBuildPhase section */
		63564D6F1D2AA7DC00AA756C /* Frameworks */ = {
			isa = PBXFrameworksBuildPhase;
			buildActionMask = 2147483647;
			files = (
			);
			runOnlyForDeploymentPostprocessing = 0;
		};
		63564D881D2AA7DD00AA756C /* Frameworks */ = {
			isa = PBXFrameworksBuildPhase;
			buildActionMask = 2147483647;
			files = (
			);
			runOnlyForDeploymentPostprocessing = 0;
		};
		63564D931D2AA7DD00AA756C /* Frameworks */ = {
			isa = PBXFrameworksBuildPhase;
			buildActionMask = 2147483647;
			files = (
			);
			runOnlyForDeploymentPostprocessing = 0;
		};
/* End PBXFrameworksBuildPhase section */

/* Begin PBXGroup section */
		63564D691D2AA7DC00AA756C = {
			isa = PBXGroup;
			children = (
				63564D741D2AA7DC00AA756C /* LDChained */,
				63564D8E1D2AA7DD00AA756C /* LDChainedTests */,
				63564D991D2AA7DD00AA756C /* LDChainedUITests */,
				63564D731D2AA7DC00AA756C /* Products */,
			);
			sourceTree = "<group>";
		};
		63564D731D2AA7DC00AA756C /* Products */ = {
			isa = PBXGroup;
			children = (
				63564D721D2AA7DC00AA756C /* LDChained.app */,
				63564D8B1D2AA7DD00AA756C /* LDChainedTests.xctest */,
				63564D961D2AA7DD00AA756C /* LDChainedUITests.xctest */,
			);
			name = Products;
			sourceTree = "<group>";
		};
		63564D741D2AA7DC00AA756C /* LDChained */ = {
			isa = PBXGroup;
			children = (
				63564DA81D2AA84B00AA756C /* LDChained */,
				63564D781D2AA7DC00AA756C /* AppDelegate.h */,
				63564D791D2AA7DC00AA756C /* AppDelegate.m */,
				63564D7B1D2AA7DC00AA756C /* ViewController.h */,
				63564D7C1D2AA7DC00AA756C /* ViewController.m */,
				63564D7E1D2AA7DC00AA756C /* Main.storyboard */,
				63564D811D2AA7DC00AA756C /* Assets.xcassets */,
				63564D831D2AA7DC00AA756C /* LaunchScreen.storyboard */,
				63564D861D2AA7DC00AA756C /* Info.plist */,
				63564D751D2AA7DC00AA756C /* Supporting Files */,
			);
			path = LDChained;
			sourceTree = "<group>";
		};
		63564D751D2AA7DC00AA756C /* Supporting Files */ = {
			isa = PBXGroup;
			children = (
				63564D761D2AA7DC00AA756C /* main.m */,
			);
			name = "Supporting Files";
			sourceTree = "<group>";
		};
		63564D8E1D2AA7DD00AA756C /* LDChainedTests */ = {
			isa = PBXGroup;
			children = (
				63564D8F1D2AA7DD00AA756C /* LDChainedTests.m */,
				63564D911D2AA7DD00AA756C /* Info.plist */,
			);
			path = LDChainedTests;
			sourceTree = "<group>";
		};
		63564D991D2AA7DD00AA756C /* LDChainedUITests */ = {
			isa = PBXGroup;
			children = (
				63564D9A1D2AA7DD00AA756C /* LDChainedUITests.m */,
				63564D9C1D2AA7DD00AA756C /* Info.plist */,
			);
			path = LDChainedUITests;
			sourceTree = "<group>";
		};
		63564DA81D2AA84B00AA756C /* LDChained */ = {
			isa = PBXGroup;
			children = (
				ED5551BB1D2B8B1D00EDFECB /* Header */,
				ED5551CD1D2B8B1D00EDFECB /* UIView */,
				ED5551C41D2B8B1D00EDFECB /* UILabel */,
				ED5551BE1D2B8B1D00EDFECB /* UIButton */,
				ED5551C11D2B8B1D00EDFECB /* UIImageView */,
				ED5551C71D2B8B1D00EDFECB /* UITableView */,
				ED5551CA1D2B8B1D00EDFECB /* UITextField */,
			);
			path = LDChained;
			sourceTree = "<group>";
		};
		ED5551BB1D2B8B1D00EDFECB /* Header */ = {
			isa = PBXGroup;
			children = (
				ED5551BC1D2B8B1D00EDFECB /* LDChained.h */,
				ED5551BD1D2B8B1D00EDFECB /* LDDefinition.h */,
			);
			path = Header;
			sourceTree = "<group>";
		};
		ED5551BE1D2B8B1D00EDFECB /* UIButton */ = {
			isa = PBXGroup;
			children = (
				ED5551BF1D2B8B1D00EDFECB /* UIButton+Chained.h */,
				ED5551C01D2B8B1D00EDFECB /* UIButton+Chained.m */,
			);
			path = UIButton;
			sourceTree = "<group>";
		};
		ED5551C11D2B8B1D00EDFECB /* UIImageView */ = {
			isa = PBXGroup;
			children = (
				ED5551C21D2B8B1D00EDFECB /* UIImageView+Chained.h */,
				ED5551C31D2B8B1D00EDFECB /* UIImageView+Chained.m */,
			);
			path = UIImageView;
			sourceTree = "<group>";
		};
		ED5551C41D2B8B1D00EDFECB /* UILabel */ = {
			isa = PBXGroup;
			children = (
				ED5551C51D2B8B1D00EDFECB /* UILabel+Chained.h */,
				ED5551C61D2B8B1D00EDFECB /* UILabel+Chained.m */,
			);
			path = UILabel;
			sourceTree = "<group>";
		};
		ED5551C71D2B8B1D00EDFECB /* UITableView */ = {
			isa = PBXGroup;
			children = (
				ED5551C81D2B8B1D00EDFECB /* UITableView+Chained.h */,
				ED5551C91D2B8B1D00EDFECB /* UITableView+Chained.m */,
			);
			path = UITableView;
			sourceTree = "<group>";
		};
		ED5551CA1D2B8B1D00EDFECB /* UITextField */ = {
			isa = PBXGroup;
			children = (
				ED5551CB1D2B8B1D00EDFECB /* UITextField+Chained.h */,
				ED5551CC1D2B8B1D00EDFECB /* UITextField+Chained.m */,
			);
			path = UITextField;
			sourceTree = "<group>";
		};
		ED5551CD1D2B8B1D00EDFECB /* UIView */ = {
			isa = PBXGroup;
			children = (
				ED5551CE1D2B8B1D00EDFECB /* UIView+Chained.h */,
				ED5551CF1D2B8B1D00EDFECB /* UIView+Chained.m */,
			);
			path = UIView;
			sourceTree = "<group>";
		};
/* End PBXGroup section */

/* Begin PBXNativeTarget section */
		63564D711D2AA7DC00AA756C /* LDChained */ = {
			isa = PBXNativeTarget;
			buildConfigurationList = 63564D9F1D2AA7DD00AA756C /* Build configuration list for PBXNativeTarget "LDChained" */;
			buildPhases = (
				63564D6E1D2AA7DC00AA756C /* Sources */,
				63564D6F1D2AA7DC00AA756C /* Frameworks */,
				63564D701D2AA7DC00AA756C /* Resources */,
			);
			buildRules = (
			);
			dependencies = (
			);
			name = LDChained;
			productName = LDChained;
			productReference = 63564D721D2AA7DC00AA756C /* LDChained.app */;
			productType = "com.apple.product-type.application";
		};
		63564D8A1D2AA7DD00AA756C /* LDChainedTests */ = {
			isa = PBXNativeTarget;
			buildConfigurationList = 63564DA21D2AA7DD00AA756C /* Build configuration list for PBXNativeTarget "LDChainedTests" */;
			buildPhases = (
				63564D871D2AA7DD00AA756C /* Sources */,
				63564D881D2AA7DD00AA756C /* Frameworks */,
				63564D891D2AA7DD00AA756C /* Resources */,
			);
			buildRules = (
			);
			dependencies = (
				63564D8D1D2AA7DD00AA756C /* PBXTargetDependency */,
			);
			name = LDChainedTests;
			productName = LDChainedTests;
			productReference = 63564D8B1D2AA7DD00AA756C /* LDChainedTests.xctest */;
			productType = "com.apple.product-type.bundle.unit-test";
		};
		63564D951D2AA7DD00AA756C /* LDChainedUITests */ = {
			isa = PBXNativeTarget;
			buildConfigurationList = 63564DA51D2AA7DD00AA756C /* Build configuration list for PBXNativeTarget "LDChainedUITests" */;
			buildPhases = (
				63564D921D2AA7DD00AA756C /* Sources */,
				63564D931D2AA7DD00AA756C /* Frameworks */,
				63564D941D2AA7DD00AA756C /* Resources */,
			);
			buildRules = (
			);
			dependencies = (
				63564D981D2AA7DD00AA756C /* PBXTargetDependency */,
			);
			name = LDChainedUITests;
			productName = LDChainedUITests;
			productReference = 63564D961D2AA7DD00AA756C /* LDChainedUITests.xctest */;
			productType = "com.apple.product-type.bundle.ui-testing";
		};
/* End PBXNativeTarget section */

/* Begin PBXProject section */
		63564D6A1D2AA7DC00AA756C /* Project object */ = {
			isa = PBXProject;
			attributes = {
				LastUpgradeCheck = 0730;
				ORGANIZATIONNAME = LiangDahong;
				TargetAttributes = {
					63564D711D2AA7DC00AA756C = {
						CreatedOnToolsVersion = 7.3;
					};
					63564D8A1D2AA7DD00AA756C = {
						CreatedOnToolsVersion = 7.3;
						TestTargetID = 63564D711D2AA7DC00AA756C;
					};
					63564D951D2AA7DD00AA756C = {
						CreatedOnToolsVersion = 7.3;
						TestTargetID = 63564D711D2AA7DC00AA756C;
					};
				};
			};
			buildConfigurationList = 63564D6D1D2AA7DC00AA756C /* Build configuration list for PBXProject "LDChained" */;
			compatibilityVersion = "Xcode 3.2";
			developmentRegion = English;
			hasScannedForEncodings = 0;
			knownRegions = (
				en,
				Base,
			);
			mainGroup = 63564D691D2AA7DC00AA756C;
			productRefGroup = 63564D731D2AA7DC00AA756C /* Products */;
			projectDirPath = "";
			projectRoot = "";
			targets = (
				63564D711D2AA7DC00AA756C /* LDChained */,
				63564D8A1D2AA7DD00AA756C /* LDChainedTests */,
				63564D951D2AA7DD00AA756C /* LDChainedUITests */,
			);
		};
/* End PBXProject section */

/* Begin PBXResourcesBuildPhase section */
		63564D701D2AA7DC00AA756C /* Resources */ = {
			isa = PBXResourcesBuildPhase;
			buildActionMask = 2147483647;
			files = (
				63564D851D2AA7DC00AA756C /* LaunchScreen.storyboard in Resources */,
				63564D821D2AA7DC00AA756C /* Assets.xcassets in Resources */,
				63564D801D2AA7DC00AA756C /* Main.storyboard in Resources */,
			);
			runOnlyForDeploymentPostprocessing = 0;
		};
		63564D891D2AA7DD00AA756C /* Resources */ = {
			isa = PBXResourcesBuildPhase;
			buildActionMask = 2147483647;
			files = (
			);
			runOnlyForDeploymentPostprocessing = 0;
		};
		63564D941D2AA7DD00AA756C /* Resources */ = {
			isa = PBXResourcesBuildPhase;
			buildActionMask = 2147483647;
			files = (
			);
			runOnlyForDeploymentPostprocessing = 0;
		};
/* End PBXResourcesBuildPhase section */

/* Begin PBXSourcesBuildPhase section */
		63564D6E1D2AA7DC00AA756C /* Sources */ = {
			isa = PBXSourcesBuildPhase;
			buildActionMask = 2147483647;
			files = (
				ED5551D01D2B8B1D00EDFECB /* UIButton+Chained.m in Sources */,
				ED5551D41D2B8B1D00EDFECB /* UITextField+Chained.m in Sources */,
				ED5551D11D2B8B1D00EDFECB /* UIImageView+Chained.m in Sources */,
				ED5551D21D2B8B1D00EDFECB /* UILabel+Chained.m in Sources */,
				ED5551D31D2B8B1D00EDFECB /* UITableView+Chained.m in Sources */,
				63564D7D1D2AA7DC00AA756C /* ViewController.m in Sources */,
				63564D7A1D2AA7DC00AA756C /* AppDelegate.m in Sources */,
				63564D771D2AA7DC00AA756C /* main.m in Sources */,
				ED5551D51D2B8B1D00EDFECB /* UIView+Chained.m in Sources */,
			);
			runOnlyForDeploymentPostprocessing = 0;
		};
		63564D871D2AA7DD00AA756C /* Sources */ = {
			isa = PBXSourcesBuildPhase;
			buildActionMask = 2147483647;
			files = (
				63564D901D2AA7DD00AA756C /* LDChainedTests.m in Sources */,
			);
			runOnlyForDeploymentPostprocessing = 0;
		};
		63564D921D2AA7DD00AA756C /* Sources */ = {
			isa = PBXSourcesBuildPhase;
			buildActionMask = 2147483647;
			files = (
				63564D9B1D2AA7DD00AA756C /* LDChainedUITests.m in Sources */,
			);
			runOnlyForDeploymentPostprocessing = 0;
		};
/* End PBXSourcesBuildPhase section */

/* Begin PBXTargetDependency section */
		63564D8D1D2AA7DD00AA756C /* PBXTargetDependency */ = {
			isa = PBXTargetDependency;
			target = 63564D711D2AA7DC00AA756C /* LDChained */;
			targetProxy = 63564D8C1D2AA7DD00AA756C /* PBXContainerItemProxy */;
		};
		63564D981D2AA7DD00AA756C /* PBXTargetDependency */ = {
			isa = PBXTargetDependency;
			target = 63564D711D2AA7DC00AA756C /* LDChained */;
			targetProxy = 63564D971D2AA7DD00AA756C /* PBXContainerItemProxy */;
		};
/* End PBXTargetDependency section */

/* Begin PBXVariantGroup section */
		63564D7E1D2AA7DC00AA756C /* Main.storyboard */ = {
			isa = PBXVariantGroup;
			children = (
				63564D7F1D2AA7DC00AA756C /* Base */,
			);
			name = Main.storyboard;
			sourceTree = "<group>";
		};
		63564D831D2AA7DC00AA756C /* LaunchScreen.storyboard */ = {
			isa = PBXVariantGroup;
			children = (
				63564D841D2AA7DC00AA756C /* Base */,
			);
			name = LaunchScreen.storyboard;
			sourceTree = "<group>";
		};
/* End PBXVariantGroup section */

/* Begin XCBuildConfiguration section */
		63564D9D1D2AA7DD00AA756C /* Debug */ = {
			isa = XCBuildConfiguration;
			buildSettings = {
				ALWAYS_SEARCH_USER_PATHS = NO;
				CLANG_ANALYZER_NONNULL = YES;
				CLANG_CXX_LANGUAGE_STANDARD = "gnu++0x";
				CLANG_CXX_LIBRARY = "libc++";
				CLANG_ENABLE_MODULES = YES;
				CLANG_ENABLE_OBJC_ARC = YES;
				CLANG_WARN_BOOL_CONVERSION = YES;
				CLANG_WARN_CONSTANT_CONVERSION = YES;
				CLANG_WARN_DIRECT_OBJC_ISA_USAGE = YES_ERROR;
				CLANG_WARN_EMPTY_BODY = YES;
				CLANG_WARN_ENUM_CONVERSION = YES;
				CLANG_WARN_INT_CONVERSION = YES;
				CLANG_WARN_OBJC_ROOT_CLASS = YES_ERROR;
				CLANG_WARN_UNREACHABLE_CODE = YES;
				CLANG_WARN__DUPLICATE_METHOD_MATCH = YES;
				"CODE_SIGN_IDENTITY[sdk=iphoneos*]" = "iPhone Developer";
				COPY_PHASE_STRIP = NO;
				DEBUG_INFORMATION_FORMAT = dwarf;
				ENABLE_STRICT_OBJC_MSGSEND = YES;
				ENABLE_TESTABILITY = YES;
				GCC_C_LANGUAGE_STANDARD = gnu99;
				GCC_DYNAMIC_NO_PIC = NO;
				GCC_NO_COMMON_BLOCKS = YES;
				GCC_OPTIMIZATION_LEVEL = 0;
				GCC_PREPROCESSOR_DEFINITIONS = (
					"DEBUG=1",
					"$(inherited)",
				);
				GCC_WARN_64_TO_32_BIT_CONVERSION = YES;
				GCC_WARN_ABOUT_RETURN_TYPE = YES_ERROR;
				GCC_WARN_UNDECLARED_SELECTOR = YES;
				GCC_WARN_UNINITIALIZED_AUTOS = YES_AGGRESSIVE;
				GCC_WARN_UNUSED_FUNCTION = YES;
				GCC_WARN_UNUSED_VARIABLE = YES;
				IPHONEOS_DEPLOYMENT_TARGET = 9.3;
				MTL_ENABLE_DEBUG_INFO = YES;
				ONLY_ACTIVE_ARCH = YES;
				SDKROOT = iphoneos;
				TARGETED_DEVICE_FAMILY = "1,2";
			};
			name = Debug;
		};
		63564D9E1D2AA7DD00AA756C /* Release */ = {
			isa = XCBuildConfiguration;
			buildSettings = {
				ALWAYS_SEARCH_USER_PATHS = NO;
				CLANG_ANALYZER_NONNULL = YES;
				CLANG_CXX_LANGUAGE_STANDARD = "gnu++0x";
				CLANG_CXX_LIBRARY = "libc++";
				CLANG_ENABLE_MODULES = YES;
				CLANG_ENABLE_OBJC_ARC = YES;
				CLANG_WARN_BOOL_CONVERSION = YES;
				CLANG_WARN_CONSTANT_CONVERSION = YES;
				CLANG_WARN_DIRECT_OBJC_ISA_USAGE = YES_ERROR;
				CLANG_WARN_EMPTY_BODY = YES;
				CLANG_WARN_ENUM_CONVERSION = YES;
				CLANG_WARN_INT_CONVERSION = YES;
				CLANG_WARN_OBJC_ROOT_CLASS = YES_ERROR;
				CLANG_WARN_UNREACHABLE_CODE = YES;
				CLANG_WARN__DUPLICATE_METHOD_MATCH = YES;
				"CODE_SIGN_IDENTITY[sdk=iphoneos*]" = "iPhone Developer";
				COPY_PHASE_STRIP = NO;
				DEBUG_INFORMATION_FORMAT = "dwarf-with-dsym";
				ENABLE_NS_ASSERTIONS = NO;
				ENABLE_STRICT_OBJC_MSGSEND = YES;
				GCC_C_LANGUAGE_STANDARD = gnu99;
				GCC_NO_COMMON_BLOCKS = YES;
				GCC_WARN_64_TO_32_BIT_CONVERSION = YES;
				GCC_WARN_ABOUT_RETURN_TYPE = YES_ERROR;
				GCC_WARN_UNDECLARED_SELECTOR = YES;
				GCC_WARN_UNINITIALIZED_AUTOS = YES_AGGRESSIVE;
				GCC_WARN_UNUSED_FUNCTION = YES;
				GCC_WARN_UNUSED_VARIABLE = YES;
				IPHONEOS_DEPLOYMENT_TARGET = 9.3;
				MTL_ENABLE_DEBUG_INFO = NO;
				SDKROOT = iphoneos;
				TARGETED_DEVICE_FAMILY = "1,2";
				VALIDATE_PRODUCT = YES;
			};
			name = Release;
		};
		63564DA01D2AA7DD00AA756C /* Debug */ = {
			isa = XCBuildConfiguration;
			buildSettings = {
				ASSETCATALOG_COMPILER_APPICON_NAME = AppIcon;
				INFOPLIST_FILE = LDChained/Info.plist;
				LD_RUNPATH_SEARCH_PATHS = "$(inherited) @executable_path/Frameworks";
				PRODUCT_BUNDLE_IDENTIFIER = cn.com.bluemoon.LDChained;
				PRODUCT_NAME = "$(TARGET_NAME)";
			};
			name = Debug;
		};
		63564DA11D2AA7DD00AA756C /* Release */ = {
			isa = XCBuildConfiguration;
			buildSettings = {
				ASSETCATALOG_COMPILER_APPICON_NAME = AppIcon;
				INFOPLIST_FILE = LDChained/Info.plist;
				LD_RUNPATH_SEARCH_PATHS = "$(inherited) @executable_path/Frameworks";
				PRODUCT_BUNDLE_IDENTIFIER = cn.com.bluemoon.LDChained;
				PRODUCT_NAME = "$(TARGET_NAME)";
			};
			name = Release;
		};
		63564DA31D2AA7DD00AA756C /* Debug */ = {
			isa = XCBuildConfiguration;
			buildSettings = {
				BUNDLE_LOADER = "$(TEST_HOST)";
				INFOPLIST_FILE = LDChainedTests/Info.plist;
				LD_RUNPATH_SEARCH_PATHS = "$(inherited) @executable_path/Frameworks @loader_path/Frameworks";
				PRODUCT_BUNDLE_IDENTIFIER = cn.com.bluemoon.LDChainedTests;
				PRODUCT_NAME = "$(TARGET_NAME)";
				TEST_HOST = "$(BUILT_PRODUCTS_DIR)/LDChained.app/LDChained";
			};
			name = Debug;
		};
		63564DA41D2AA7DD00AA756C /* Release */ = {
			isa = XCBuildConfiguration;
			buildSettings = {
				BUNDLE_LOADER = "$(TEST_HOST)";
				INFOPLIST_FILE = LDChainedTests/Info.plist;
				LD_RUNPATH_SEARCH_PATHS = "$(inherited) @executable_path/Frameworks @loader_path/Frameworks";
				PRODUCT_BUNDLE_IDENTIFIER = cn.com.bluemoon.LDChainedTests;
				PRODUCT_NAME = "$(TARGET_NAME)";
				TEST_HOST = "$(BUILT_PRODUCTS_DIR)/LDChained.app/LDChained";
			};
			name = Release;
		};
		63564DA61D2AA7DD00AA756C /* Debug */ = {
			isa = XCBuildConfiguration;
			buildSettings = {
				INFOPLIST_FILE = LDChainedUITests/Info.plist;
				LD_RUNPATH_SEARCH_PATHS = "$(inherited) @executable_path/Frameworks @loader_path/Frameworks";
				PRODUCT_BUNDLE_IDENTIFIER = cn.com.bluemoon.LDChainedUITests;
				PRODUCT_NAME = "$(TARGET_NAME)";
				TEST_TARGET_NAME = LDChained;
			};
			name = Debug;
		};
		63564DA71D2AA7DD00AA756C /* Release */ = {
			isa = XCBuildConfiguration;
			buildSettings = {
				INFOPLIST_FILE = LDChainedUITests/Info.plist;
				LD_RUNPATH_SEARCH_PATHS = "$(inherited) @executable_path/Frameworks @loader_path/Frameworks";
				PRODUCT_BUNDLE_IDENTIFIER = cn.com.bluemoon.LDChainedUITests;
				PRODUCT_NAME = "$(TARGET_NAME)";
				TEST_TARGET_NAME = LDChained;
			};
			name = Release;
		};
/* End XCBuildConfiguration section */

/* Begin XCConfigurationList section */
		63564D6D1D2AA7DC00AA756C /* Build configuration list for PBXProject "LDChained" */ = {
			isa = XCConfigurationList;
			buildConfigurations = (
				63564D9D1D2AA7DD00AA756C /* Debug */,
				63564D9E1D2AA7DD00AA756C /* Release */,
			);
			defaultConfigurationIsVisible = 0;
			defaultConfigurationName = Release;
		};
		63564D9F1D2AA7DD00AA756C /* Build configuration list for PBXNativeTarget "LDChained" */ = {
			isa = XCConfigurationList;
			buildConfigurations = (
				63564DA01D2AA7DD00AA756C /* Debug */,
				63564DA11D2AA7DD00AA756C /* Release */,
			);
			defaultConfigurationIsVisible = 0;
			defaultConfigurationName = Release;
		};
		63564DA21D2AA7DD00AA756C /* Build configuration list for PBXNativeTarget "LDChainedTests" */ = {
			isa = XCConfigurationList;
			buildConfigurations = (
				63564DA31D2AA7DD00AA756C /* Debug */,
				63564DA41D2AA7DD00AA756C /* Release */,
			);
			defaultConfigurationIsVisible = 0;
			defaultConfigurationName = Release;
		};
		63564DA51D2AA7DD00AA756C /* Build configuration list for PBXNativeTarget "LDChainedUITests" */ = {
			isa = XCConfigurationList;
			buildConfigurations = (
				63564DA61D2AA7DD00AA756C /* Debug */,
				63564DA71D2AA7DD00AA756C /* Release */,
			);
			defaultConfigurationIsVisible = 0;
			defaultConfigurationName = Release;
		};
/* End XCConfigurationList section */
	};
	rootObject = 63564D6A1D2AA7DC00AA756C /* Project object */;
}
