// !$*UTF8*$!
{
	archiveVersion = 1;
	classes = {
	};
	objectVersion = 46;
	objects = {

/* Begin PBXBuildFile section */
		04BB9494246AFEC600D1C909 /* UICollectionView+BMRect.m in Sources */ = {isa = PBXBuildFile; fileRef = 04BB9492246AFEC500D1C909 /* UICollectionView+BMRect.m */; };
		12AE4F46302427160E0990C5 /* libPods-ToutiaoDemo.a in Frameworks */ = {isa = PBXBuildFile; fileRef = 12A747B13F4E9BB572648D6D /* libPods-ToutiaoDemo.a */; };
		32F00B1C1FDE2B3D00174DB1 /* Main.storyboard in Resources */ = {isa = PBXBuildFile; fileRef = 32F00B1A1FDE2B3D00174DB1 /* Main.storyboard */; };
		32F00B1E1FDE2B3D00174DB1 /* Assets.xcassets in Resources */ = {isa = PBXBuildFile; fileRef = 32F00B1D1FDE2B3D00174DB1 /* Assets.xcassets */; };
		32F00B211FDE2B3D00174DB1 /* LaunchScreen.storyboard in Resources */ = {isa = PBXBuildFile; fileRef = 32F00B1F1FDE2B3D00174DB1 /* LaunchScreen.storyboard */; };
		32F00B2C1FDE2B3D00174DB1 /* ToutiaoDemoTests.m in Sources */ = {isa = PBXBuildFile; fileRef = 32F00B2B1FDE2B3D00174DB1 /* ToutiaoDemoTests.m */; };
		32F00B371FDE2B3E00174DB1 /* ToutiaoDemoUITests.m in Sources */ = {isa = PBXBuildFile; fileRef = 32F00B361FDE2B3E00174DB1 /* ToutiaoDemoUITests.m */; };
		32F00B4A1FDE2D5100174DB1 /* AppDelegate.m in Sources */ = {isa = PBXBuildFile; fileRef = 32F00B461FDE2D5100174DB1 /* AppDelegate.m */; };
		32F00B4B1FDE2D5100174DB1 /* main.m in Sources */ = {isa = PBXBuildFile; fileRef = 32F00B471FDE2D5100174DB1 /* main.m */; };
		32F00B561FDE2DAC00174DB1 /* BMHomeVC.m in Sources */ = {isa = PBXBuildFile; fileRef = 32F00B541FDE2DAC00174DB1 /* BMHomeVC.m */; };
		32F00B571FDE2DAC00174DB1 /* BMHomeVC.xib in Resources */ = {isa = PBXBuildFile; fileRef = 32F00B551FDE2DAC00174DB1 /* BMHomeVC.xib */; };
		32F00B5B1FDE2E2800174DB1 /* BMChannelEditVC.m in Sources */ = {isa = PBXBuildFile; fileRef = 32F00B591FDE2E2800174DB1 /* BMChannelEditVC.m */; };
		32F00B5C1FDE2E2800174DB1 /* BMChannelEditVC.xib in Resources */ = {isa = PBXBuildFile; fileRef = 32F00B5A1FDE2E2800174DB1 /* BMChannelEditVC.xib */; };
		32F00B641FDE301C00174DB1 /* BMChannelVC.m in Sources */ = {isa = PBXBuildFile; fileRef = 32F00B621FDE301C00174DB1 /* BMChannelVC.m */; };
		32F00B651FDE301C00174DB1 /* BMChannelVC.xib in Resources */ = {isa = PBXBuildFile; fileRef = 32F00B631FDE301C00174DB1 /* BMChannelVC.xib */; };
		32F00B691FDE314200174DB1 /* BMChannelEditCell.m in Sources */ = {isa = PBXBuildFile; fileRef = 32F00B671FDE314200174DB1 /* BMChannelEditCell.m */; };
		32F00B6A1FDE314200174DB1 /* BMChannelEditCell.xib in Resources */ = {isa = PBXBuildFile; fileRef = 32F00B681FDE314200174DB1 /* BMChannelEditCell.xib */; };
		32F00B6D1FDE34F000174DB1 /* BMChannelModel.m in Sources */ = {isa = PBXBuildFile; fileRef = 32F00B6C1FDE34F000174DB1 /* BMChannelModel.m */; };
/* End PBXBuildFile section */

/* Begin PBXContainerItemProxy section */
		32F00B281FDE2B3D00174DB1 /* PBXContainerItemProxy */ = {
			isa = PBXContainerItemProxy;
			containerPortal = 32F00B061FDE2B3D00174DB1 /* Project object */;
			proxyType = 1;
			remoteGlobalIDString = 32F00B0D1FDE2B3D00174DB1;
			remoteInfo = ToutiaoDemo;
		};
		32F00B331FDE2B3E00174DB1 /* PBXContainerItemProxy */ = {
			isa = PBXContainerItemProxy;
			containerPortal = 32F00B061FDE2B3D00174DB1 /* Project object */;
			proxyType = 1;
			remoteGlobalIDString = 32F00B0D1FDE2B3D00174DB1;
			remoteInfo = ToutiaoDemo;
		};
/* End PBXContainerItemProxy section */

/* Begin PBXFileReference section */
		04BB9492246AFEC500D1C909 /* UICollectionView+BMRect.m */ = {isa = PBXFileReference; fileEncoding = 4; lastKnownFileType = sourcecode.c.objc; path = "UICollectionView+BMRect.m"; sourceTree = "<group>"; };
		04BB9493246AFEC600D1C909 /* UICollectionView+BMRect.h */ = {isa = PBXFileReference; fileEncoding = 4; lastKnownFileType = sourcecode.c.h; path = "UICollectionView+BMRect.h"; sourceTree = "<group>"; };
		12A747B13F4E9BB572648D6D /* libPods-ToutiaoDemo.a */ = {isa = PBXFileReference; explicitFileType = archive.ar; includeInIndex = 0; path = "libPods-ToutiaoDemo.a"; sourceTree = BUILT_PRODUCTS_DIR; };
		1F68B8A364EB74967D6B1B4D /* libPods-ToutiaoDemoTests.a */ = {isa = PBXFileReference; explicitFileType = archive.ar; includeInIndex = 0; path = "libPods-ToutiaoDemoTests.a"; sourceTree = BUILT_PRODUCTS_DIR; };
		32F00B0E1FDE2B3D00174DB1 /* 头条频道编辑.app */ = {isa = PBXFileReference; explicitFileType = wrapper.application; includeInIndex = 0; path = "头条频道编辑.app"; sourceTree = BUILT_PRODUCTS_DIR; };
		32F00B1B1FDE2B3D00174DB1 /* Base */ = {isa = PBXFileReference; lastKnownFileType = file.storyboard; name = Base; path = Base.lproj/Main.storyboard; sourceTree = "<group>"; };
		32F00B1D1FDE2B3D00174DB1 /* Assets.xcassets */ = {isa = PBXFileReference; lastKnownFileType = folder.assetcatalog; path = Assets.xcassets; sourceTree = "<group>"; };
		32F00B201FDE2B3D00174DB1 /* Base */ = {isa = PBXFileReference; lastKnownFileType = file.storyboard; name = Base; path = Base.lproj/LaunchScreen.storyboard; sourceTree = "<group>"; };
		32F00B221FDE2B3D00174DB1 /* Info.plist */ = {isa = PBXFileReference; lastKnownFileType = text.plist.xml; path = Info.plist; sourceTree = "<group>"; };
		32F00B271FDE2B3D00174DB1 /* ToutiaoDemoTests.xctest */ = {isa = PBXFileReference; explicitFileType = wrapper.cfbundle; includeInIndex = 0; path = ToutiaoDemoTests.xctest; sourceTree = BUILT_PRODUCTS_DIR; };
		32F00B2B1FDE2B3D00174DB1 /* ToutiaoDemoTests.m */ = {isa = PBXFileReference; lastKnownFileType = sourcecode.c.objc; path = ToutiaoDemoTests.m; sourceTree = "<group>"; };
		32F00B2D1FDE2B3D00174DB1 /* Info.plist */ = {isa = PBXFileReference; lastKnownFileType = text.plist.xml; path = Info.plist; sourceTree = "<group>"; };
		32F00B321FDE2B3E00174DB1 /* ToutiaoDemoUITests.xctest */ = {isa = PBXFileReference; explicitFileType = wrapper.cfbundle; includeInIndex = 0; path = ToutiaoDemoUITests.xctest; sourceTree = BUILT_PRODUCTS_DIR; };
		32F00B361FDE2B3E00174DB1 /* ToutiaoDemoUITests.m */ = {isa = PBXFileReference; lastKnownFileType = sourcecode.c.objc; path = ToutiaoDemoUITests.m; sourceTree = "<group>"; };
		32F00B381FDE2B3E00174DB1 /* Info.plist */ = {isa = PBXFileReference; lastKnownFileType = text.plist.xml; path = Info.plist; sourceTree = "<group>"; };
		32F00B451FDE2D5100174DB1 /* AppDelegate.h */ = {isa = PBXFileReference; fileEncoding = 4; lastKnownFileType = sourcecode.c.h; path = AppDelegate.h; sourceTree = "<group>"; };
		32F00B461FDE2D5100174DB1 /* AppDelegate.m */ = {isa = PBXFileReference; fileEncoding = 4; lastKnownFileType = sourcecode.c.objc; path = AppDelegate.m; sourceTree = "<group>"; };
		32F00B471FDE2D5100174DB1 /* main.m */ = {isa = PBXFileReference; fileEncoding = 4; lastKnownFileType = sourcecode.c.objc; path = main.m; sourceTree = "<group>"; };
		32F00B531FDE2DAC00174DB1 /* BMHomeVC.h */ = {isa = PBXFileReference; fileEncoding = 4; lastKnownFileType = sourcecode.c.h; path = BMHomeVC.h; sourceTree = "<group>"; };
		32F00B541FDE2DAC00174DB1 /* BMHomeVC.m */ = {isa = PBXFileReference; fileEncoding = 4; lastKnownFileType = sourcecode.c.objc; path = BMHomeVC.m; sourceTree = "<group>"; };
		32F00B551FDE2DAC00174DB1 /* BMHomeVC.xib */ = {isa = PBXFileReference; fileEncoding = 4; lastKnownFileType = file.xib; path = BMHomeVC.xib; sourceTree = "<group>"; };
		32F00B581FDE2E2800174DB1 /* BMChannelEditVC.h */ = {isa = PBXFileReference; fileEncoding = 4; lastKnownFileType = sourcecode.c.h; path = BMChannelEditVC.h; sourceTree = "<group>"; };
		32F00B591FDE2E2800174DB1 /* BMChannelEditVC.m */ = {isa = PBXFileReference; fileEncoding = 4; lastKnownFileType = sourcecode.c.objc; path = BMChannelEditVC.m; sourceTree = "<group>"; };
		32F00B5A1FDE2E2800174DB1 /* BMChannelEditVC.xib */ = {isa = PBXFileReference; fileEncoding = 4; lastKnownFileType = file.xib; path = BMChannelEditVC.xib; sourceTree = "<group>"; };
		32F00B611FDE301C00174DB1 /* BMChannelVC.h */ = {isa = PBXFileReference; fileEncoding = 4; lastKnownFileType = sourcecode.c.h; path = BMChannelVC.h; sourceTree = "<group>"; };
		32F00B621FDE301C00174DB1 /* BMChannelVC.m */ = {isa = PBXFileReference; fileEncoding = 4; lastKnownFileType = sourcecode.c.objc; path = BMChannelVC.m; sourceTree = "<group>"; };
		32F00B631FDE301C00174DB1 /* BMChannelVC.xib */ = {isa = PBXFileReference; fileEncoding = 4; lastKnownFileType = file.xib; path = BMChannelVC.xib; sourceTree = "<group>"; };
		32F00B661FDE314200174DB1 /* BMChannelEditCell.h */ = {isa = PBXFileReference; fileEncoding = 4; lastKnownFileType = sourcecode.c.h; path = BMChannelEditCell.h; sourceTree = "<group>"; };
		32F00B671FDE314200174DB1 /* BMChannelEditCell.m */ = {isa = PBXFileReference; fileEncoding = 4; lastKnownFileType = sourcecode.c.objc; path = BMChannelEditCell.m; sourceTree = "<group>"; };
		32F00B681FDE314200174DB1 /* BMChannelEditCell.xib */ = {isa = PBXFileReference; fileEncoding = 4; lastKnownFileType = file.xib; path = BMChannelEditCell.xib; sourceTree = "<group>"; };
		32F00B6B1FDE34F000174DB1 /* BMChannelModel.h */ = {isa = PBXFileReference; fileEncoding = 4; lastKnownFileType = sourcecode.c.h; path = BMChannelModel.h; sourceTree = "<group>"; };
		32F00B6C1FDE34F000174DB1 /* BMChannelModel.m */ = {isa = PBXFileReference; fileEncoding = 4; lastKnownFileType = sourcecode.c.objc; path = BMChannelModel.m; sourceTree = "<group>"; };
		690760E63693C0475FC33B0C /* Pods-ToutiaoDemo.debug.xcconfig */ = {isa = PBXFileReference; includeInIndex = 1; lastKnownFileType = text.xcconfig; name = "Pods-ToutiaoDemo.debug.xcconfig"; path = "Pods/Target Support Files/Pods-ToutiaoDemo/Pods-ToutiaoDemo.debug.xcconfig"; sourceTree = "<group>"; };
		B3F1EF4A1F631B82AC10E2BE /* libPods-ToutiaoDemoUITests.a */ = {isa = PBXFileReference; explicitFileType = archive.ar; includeInIndex = 0; path = "libPods-ToutiaoDemoUITests.a"; sourceTree = BUILT_PRODUCTS_DIR; };
		CDECAC22908B37AF7FD2D670 /* Pods-ToutiaoDemo.release.xcconfig */ = {isa = PBXFileReference; includeInIndex = 1; lastKnownFileType = text.xcconfig; name = "Pods-ToutiaoDemo.release.xcconfig"; path = "Pods/Target Support Files/Pods-ToutiaoDemo/Pods-ToutiaoDemo.release.xcconfig"; sourceTree = "<group>"; };
/* End PBXFileReference section */

/* Begin PBXFrameworksBuildPhase section */
		32F00B0B1FDE2B3D00174DB1 /* Frameworks */ = {
			isa = PBXFrameworksBuildPhase;
			buildActionMask = 2147483647;
			files = (
				12AE4F46302427160E0990C5 /* libPods-ToutiaoDemo.a in Frameworks */,
			);
			runOnlyForDeploymentPostprocessing = 0;
		};
		32F00B241FDE2B3D00174DB1 /* Frameworks */ = {
			isa = PBXFrameworksBuildPhase;
			buildActionMask = 2147483647;
			files = (
			);
			runOnlyForDeploymentPostprocessing = 0;
		};
		32F00B2F1FDE2B3E00174DB1 /* Frameworks */ = {
			isa = PBXFrameworksBuildPhase;
			buildActionMask = 2147483647;
			files = (
			);
			runOnlyForDeploymentPostprocessing = 0;
		};
/* End PBXFrameworksBuildPhase section */

/* Begin PBXGroup section */
		04BB9488246AF61300D1C909 /* Lib */ = {
			isa = PBXGroup;
			children = (
				04BB9498246B06FB00D1C909 /* Category */,
			);
			path = Lib;
			sourceTree = "<group>";
		};
		04BB9497246B061600D1C909 /* Other */ = {
			isa = PBXGroup;
			children = (
				32F00B5D1FDE300900174DB1 /* Channel */,
				32F00B4C1FDE2D8D00174DB1 /* Controller */,
				32F00B511FDE2D8D00174DB1 /* Model */,
				32F00B521FDE2D8D00174DB1 /* View */,
			);
			path = Other;
			sourceTree = "<group>";
		};
		04BB9498246B06FB00D1C909 /* Category */ = {
			isa = PBXGroup;
			children = (
				04BB9493246AFEC600D1C909 /* UICollectionView+BMRect.h */,
				04BB9492246AFEC500D1C909 /* UICollectionView+BMRect.m */,
			);
			path = Category;
			sourceTree = "<group>";
		};
		0FE96ED939804D7515A7A0AA /* Frameworks */ = {
			isa = PBXGroup;
			children = (
				12A747B13F4E9BB572648D6D /* libPods-ToutiaoDemo.a */,
				1F68B8A364EB74967D6B1B4D /* libPods-ToutiaoDemoTests.a */,
				B3F1EF4A1F631B82AC10E2BE /* libPods-ToutiaoDemoUITests.a */,
			);
			name = Frameworks;
			sourceTree = "<group>";
		};
		32F00B051FDE2B3D00174DB1 = {
			isa = PBXGroup;
			children = (
				32F00B101FDE2B3D00174DB1 /* ToutiaoDemo */,
				32F00B2A1FDE2B3D00174DB1 /* ToutiaoDemoTests */,
				32F00B351FDE2B3E00174DB1 /* ToutiaoDemoUITests */,
				32F00B0F1FDE2B3D00174DB1 /* Products */,
				4B8B8B3BD8B7F0D298E666CD /* Pods */,
				0FE96ED939804D7515A7A0AA /* Frameworks */,
			);
			sourceTree = "<group>";
		};
		32F00B0F1FDE2B3D00174DB1 /* Products */ = {
			isa = PBXGroup;
			children = (
				32F00B0E1FDE2B3D00174DB1 /* 头条频道编辑.app */,
				32F00B271FDE2B3D00174DB1 /* ToutiaoDemoTests.xctest */,
				32F00B321FDE2B3E00174DB1 /* ToutiaoDemoUITests.xctest */,
			);
			name = Products;
			sourceTree = "<group>";
		};
		32F00B101FDE2B3D00174DB1 /* ToutiaoDemo */ = {
			isa = PBXGroup;
			children = (
				32F00B481FDE2D5100174DB1 /* Classes */,
				04BB9497246B061600D1C909 /* Other */,
				32F00B441FDE2D5100174DB1 /* AppDelegate */,
				04BB9488246AF61300D1C909 /* Lib */,
				32F00B1A1FDE2B3D00174DB1 /* Main.storyboard */,
				32F00B1D1FDE2B3D00174DB1 /* Assets.xcassets */,
				32F00B1F1FDE2B3D00174DB1 /* LaunchScreen.storyboard */,
				32F00B221FDE2B3D00174DB1 /* Info.plist */,
				32F00B111FDE2B3D00174DB1 /* Supporting Files */,
			);
			path = ToutiaoDemo;
			sourceTree = "<group>";
		};
		32F00B111FDE2B3D00174DB1 /* Supporting Files */ = {
			isa = PBXGroup;
			children = (
			);
			name = "Supporting Files";
			sourceTree = "<group>";
		};
		32F00B2A1FDE2B3D00174DB1 /* ToutiaoDemoTests */ = {
			isa = PBXGroup;
			children = (
				32F00B2B1FDE2B3D00174DB1 /* ToutiaoDemoTests.m */,
				32F00B2D1FDE2B3D00174DB1 /* Info.plist */,
			);
			path = ToutiaoDemoTests;
			sourceTree = "<group>";
		};
		32F00B351FDE2B3E00174DB1 /* ToutiaoDemoUITests */ = {
			isa = PBXGroup;
			children = (
				32F00B361FDE2B3E00174DB1 /* ToutiaoDemoUITests.m */,
				32F00B381FDE2B3E00174DB1 /* Info.plist */,
			);
			path = ToutiaoDemoUITests;
			sourceTree = "<group>";
		};
		32F00B441FDE2D5100174DB1 /* AppDelegate */ = {
			isa = PBXGroup;
			children = (
				32F00B451FDE2D5100174DB1 /* AppDelegate.h */,
				32F00B461FDE2D5100174DB1 /* AppDelegate.m */,
				32F00B471FDE2D5100174DB1 /* main.m */,
			);
			path = AppDelegate;
			sourceTree = "<group>";
		};
		32F00B481FDE2D5100174DB1 /* Classes */ = {
			isa = PBXGroup;
			children = (
				32F00B4D1FDE2D8D00174DB1 /* Edit */,
			);
			path = Classes;
			sourceTree = "<group>";
		};
		32F00B4C1FDE2D8D00174DB1 /* Controller */ = {
			isa = PBXGroup;
			children = (
				32F00B531FDE2DAC00174DB1 /* BMHomeVC.h */,
				32F00B541FDE2DAC00174DB1 /* BMHomeVC.m */,
				32F00B551FDE2DAC00174DB1 /* BMHomeVC.xib */,
			);
			path = Controller;
			sourceTree = "<group>";
		};
		32F00B4D1FDE2D8D00174DB1 /* Edit */ = {
			isa = PBXGroup;
			children = (
				32F00B4E1FDE2D8D00174DB1 /* Controller */,
				32F00B4F1FDE2D8D00174DB1 /* Model */,
				32F00B501FDE2D8D00174DB1 /* View */,
			);
			path = Edit;
			sourceTree = "<group>";
		};
		32F00B4E1FDE2D8D00174DB1 /* Controller */ = {
			isa = PBXGroup;
			children = (
				32F00B581FDE2E2800174DB1 /* BMChannelEditVC.h */,
				32F00B591FDE2E2800174DB1 /* BMChannelEditVC.m */,
				32F00B5A1FDE2E2800174DB1 /* BMChannelEditVC.xib */,
			);
			path = Controller;
			sourceTree = "<group>";
		};
		32F00B4F1FDE2D8D00174DB1 /* Model */ = {
			isa = PBXGroup;
			children = (
				32F00B6B1FDE34F000174DB1 /* BMChannelModel.h */,
				32F00B6C1FDE34F000174DB1 /* BMChannelModel.m */,
			);
			path = Model;
			sourceTree = "<group>";
		};
		32F00B501FDE2D8D00174DB1 /* View */ = {
			isa = PBXGroup;
			children = (
				32F00B661FDE314200174DB1 /* BMChannelEditCell.h */,
				32F00B671FDE314200174DB1 /* BMChannelEditCell.m */,
				32F00B681FDE314200174DB1 /* BMChannelEditCell.xib */,
			);
			path = View;
			sourceTree = "<group>";
		};
		32F00B511FDE2D8D00174DB1 /* Model */ = {
			isa = PBXGroup;
			children = (
			);
			name = Model;
			path = ../Classes/Model;
			sourceTree = "<group>";
		};
		32F00B521FDE2D8D00174DB1 /* View */ = {
			isa = PBXGroup;
			children = (
			);
			name = View;
			path = ../Classes/View;
			sourceTree = "<group>";
		};
		32F00B5D1FDE300900174DB1 /* Channel */ = {
			isa = PBXGroup;
			children = (
				32F00B5E1FDE300900174DB1 /* Controller */,
				32F00B5F1FDE300900174DB1 /* Model */,
				32F00B601FDE300900174DB1 /* View */,
			);
			path = Channel;
			sourceTree = "<group>";
		};
		32F00B5E1FDE300900174DB1 /* Controller */ = {
			isa = PBXGroup;
			children = (
				32F00B611FDE301C00174DB1 /* BMChannelVC.h */,
				32F00B621FDE301C00174DB1 /* BMChannelVC.m */,
				32F00B631FDE301C00174DB1 /* BMChannelVC.xib */,
			);
			path = Controller;
			sourceTree = "<group>";
		};
		32F00B5F1FDE300900174DB1 /* Model */ = {
			isa = PBXGroup;
			children = (
			);
			path = Model;
			sourceTree = "<group>";
		};
		32F00B601FDE300900174DB1 /* View */ = {
			isa = PBXGroup;
			children = (
			);
			path = View;
			sourceTree = "<group>";
		};
		4B8B8B3BD8B7F0D298E666CD /* Pods */ = {
			isa = PBXGroup;
			children = (
				690760E63693C0475FC33B0C /* Pods-ToutiaoDemo.debug.xcconfig */,
				CDECAC22908B37AF7FD2D670 /* Pods-ToutiaoDemo.release.xcconfig */,
			);
			name = Pods;
			sourceTree = "<group>";
		};
/* End PBXGroup section */

/* Begin PBXNativeTarget section */
		32F00B0D1FDE2B3D00174DB1 /* ToutiaoDemo */ = {
			isa = PBXNativeTarget;
			buildConfigurationList = 32F00B3B1FDE2B3E00174DB1 /* Build configuration list for PBXNativeTarget "ToutiaoDemo" */;
			buildPhases = (
				7D29560A3E78FC5519635C02 /* [CP] Check Pods Manifest.lock */,
				32F00B0A1FDE2B3D00174DB1 /* Sources */,
				32F00B0B1FDE2B3D00174DB1 /* Frameworks */,
				32F00B0C1FDE2B3D00174DB1 /* Resources */,
				35BF71F70643A7DCB01E0247 /* [CP] Copy Pods Resources */,
			);
			buildRules = (
			);
			dependencies = (
			);
			name = ToutiaoDemo;
			productName = ToutiaoDemo;
			productReference = 32F00B0E1FDE2B3D00174DB1 /* 头条频道编辑.app */;
			productType = "com.apple.product-type.application";
		};
		32F00B261FDE2B3D00174DB1 /* ToutiaoDemoTests */ = {
			isa = PBXNativeTarget;
			buildConfigurationList = 32F00B3E1FDE2B3E00174DB1 /* Build configuration list for PBXNativeTarget "ToutiaoDemoTests" */;
			buildPhases = (
				32F00B231FDE2B3D00174DB1 /* Sources */,
				32F00B241FDE2B3D00174DB1 /* Frameworks */,
				32F00B251FDE2B3D00174DB1 /* Resources */,
			);
			buildRules = (
			);
			dependencies = (
				32F00B291FDE2B3D00174DB1 /* PBXTargetDependency */,
			);
			name = ToutiaoDemoTests;
			productName = ToutiaoDemoTests;
			productReference = 32F00B271FDE2B3D00174DB1 /* ToutiaoDemoTests.xctest */;
			productType = "com.apple.product-type.bundle.unit-test";
		};
		32F00B311FDE2B3E00174DB1 /* ToutiaoDemoUITests */ = {
			isa = PBXNativeTarget;
			buildConfigurationList = 32F00B411FDE2B3E00174DB1 /* Build configuration list for PBXNativeTarget "ToutiaoDemoUITests" */;
			buildPhases = (
				32F00B2E1FDE2B3E00174DB1 /* Sources */,
				32F00B2F1FDE2B3E00174DB1 /* Frameworks */,
				32F00B301FDE2B3E00174DB1 /* Resources */,
			);
			buildRules = (
			);
			dependencies = (
				32F00B341FDE2B3E00174DB1 /* PBXTargetDependency */,
			);
			name = ToutiaoDemoUITests;
			productName = ToutiaoDemoUITests;
			productReference = 32F00B321FDE2B3E00174DB1 /* ToutiaoDemoUITests.xctest */;
			productType = "com.apple.product-type.bundle.ui-testing";
		};
/* End PBXNativeTarget section */

/* Begin PBXProject section */
		32F00B061FDE2B3D00174DB1 /* Project object */ = {
			isa = PBXProject;
			attributes = {
				LastUpgradeCheck = 0830;
				ORGANIZATIONNAME = "___liangdahong";
				TargetAttributes = {
					32F00B0D1FDE2B3D00174DB1 = {
						CreatedOnToolsVersion = 8.3.3;
						DevelopmentTeam = VG78JT6CG8;
						ProvisioningStyle = Automatic;
					};
					32F00B261FDE2B3D00174DB1 = {
						CreatedOnToolsVersion = 8.3.3;
						DevelopmentTeam = 8RB35RM424;
						ProvisioningStyle = Automatic;
						TestTargetID = 32F00B0D1FDE2B3D00174DB1;
					};
					32F00B311FDE2B3E00174DB1 = {
						CreatedOnToolsVersion = 8.3.3;
						DevelopmentTeam = 8RB35RM424;
						ProvisioningStyle = Automatic;
						TestTargetID = 32F00B0D1FDE2B3D00174DB1;
					};
				};
			};
			buildConfigurationList = 32F00B091FDE2B3D00174DB1 /* Build configuration list for PBXProject "ToutiaoDemo" */;
			compatibilityVersion = "Xcode 3.2";
			developmentRegion = English;
			hasScannedForEncodings = 0;
			knownRegions = (
				English,
				en,
				Base,
			);
			mainGroup = 32F00B051FDE2B3D00174DB1;
			productRefGroup = 32F00B0F1FDE2B3D00174DB1 /* Products */;
			projectDirPath = "";
			projectRoot = "";
			targets = (
				32F00B0D1FDE2B3D00174DB1 /* ToutiaoDemo */,
				32F00B261FDE2B3D00174DB1 /* ToutiaoDemoTests */,
				32F00B311FDE2B3E00174DB1 /* ToutiaoDemoUITests */,
			);
		};
/* End PBXProject section */

/* Begin PBXResourcesBuildPhase section */
		32F00B0C1FDE2B3D00174DB1 /* Resources */ = {
			isa = PBXResourcesBuildPhase;
			buildActionMask = 2147483647;
			files = (
				32F00B6A1FDE314200174DB1 /* BMChannelEditCell.xib in Resources */,
				32F00B211FDE2B3D00174DB1 /* LaunchScreen.storyboard in Resources */,
				32F00B1E1FDE2B3D00174DB1 /* Assets.xcassets in Resources */,
				32F00B5C1FDE2E2800174DB1 /* BMChannelEditVC.xib in Resources */,
				32F00B651FDE301C00174DB1 /* BMChannelVC.xib in Resources */,
				32F00B571FDE2DAC00174DB1 /* BMHomeVC.xib in Resources */,
				32F00B1C1FDE2B3D00174DB1 /* Main.storyboard in Resources */,
			);
			runOnlyForDeploymentPostprocessing = 0;
		};
		32F00B251FDE2B3D00174DB1 /* Resources */ = {
			isa = PBXResourcesBuildPhase;
			buildActionMask = 2147483647;
			files = (
			);
			runOnlyForDeploymentPostprocessing = 0;
		};
		32F00B301FDE2B3E00174DB1 /* Resources */ = {
			isa = PBXResourcesBuildPhase;
			buildActionMask = 2147483647;
			files = (
			);
			runOnlyForDeploymentPostprocessing = 0;
		};
/* End PBXResourcesBuildPhase section */

/* Begin PBXShellScriptBuildPhase section */
		35BF71F70643A7DCB01E0247 /* [CP] Copy Pods Resources */ = {
			isa = PBXShellScriptBuildPhase;
			buildActionMask = 2147483647;
			files = (
			);
			inputPaths = (
				"${PODS_ROOT}/Target Support Files/Pods-ToutiaoDemo/Pods-ToutiaoDemo-resources.sh",
				"${PODS_ROOT}/SVProgressHUD/SVProgressHUD/SVProgressHUD.bundle",
			);
			name = "[CP] Copy Pods Resources";
			outputPaths = (
				"${TARGET_BUILD_DIR}/${UNLOCALIZED_RESOURCES_FOLDER_PATH}/SVProgressHUD.bundle",
			);
			runOnlyForDeploymentPostprocessing = 0;
			shellPath = /bin/sh;
			shellScript = "\"${PODS_ROOT}/Target Support Files/Pods-ToutiaoDemo/Pods-ToutiaoDemo-resources.sh\"\n";
			showEnvVarsInLog = 0;
		};
		7D29560A3E78FC5519635C02 /* [CP] Check Pods Manifest.lock */ = {
			isa = PBXShellScriptBuildPhase;
			buildActionMask = 2147483647;
			files = (
			);
			inputPaths = (
				"${PODS_PODFILE_DIR_PATH}/Podfile.lock",
				"${PODS_ROOT}/Manifest.lock",
			);
			name = "[CP] Check Pods Manifest.lock";
			outputPaths = (
				"$(DERIVED_FILE_DIR)/Pods-ToutiaoDemo-checkManifestLockResult.txt",
			);
			runOnlyForDeploymentPostprocessing = 0;
			shellPath = /bin/sh;
			shellScript = "diff \"${PODS_PODFILE_DIR_PATH}/Podfile.lock\" \"${PODS_ROOT}/Manifest.lock\" > /dev/null\nif [ $? != 0 ] ; then\n    # print error to STDERR\n    echo \"error: The sandbox is not in sync with the Podfile.lock. Run 'pod install' or update your CocoaPods installation.\" >&2\n    exit 1\nfi\n# This output is used by Xcode 'outputs' to avoid re-running this script phase.\necho \"SUCCESS\" > \"${SCRIPT_OUTPUT_FILE_0}\"\n";
			showEnvVarsInLog = 0;
		};
/* End PBXShellScriptBuildPhase section */

/* Begin PBXSourcesBuildPhase section */
		32F00B0A1FDE2B3D00174DB1 /* Sources */ = {
			isa = PBXSourcesBuildPhase;
			buildActionMask = 2147483647;
			files = (
				04BB9494246AFEC600D1C909 /* UICollectionView+BMRect.m in Sources */,
				32F00B561FDE2DAC00174DB1 /* BMHomeVC.m in Sources */,
				32F00B6D1FDE34F000174DB1 /* BMChannelModel.m in Sources */,
				32F00B641FDE301C00174DB1 /* BMChannelVC.m in Sources */,
				32F00B4B1FDE2D5100174DB1 /* main.m in Sources */,
				32F00B4A1FDE2D5100174DB1 /* AppDelegate.m in Sources */,
				32F00B691FDE314200174DB1 /* BMChannelEditCell.m in Sources */,
				32F00B5B1FDE2E2800174DB1 /* BMChannelEditVC.m in Sources */,
			);
			runOnlyForDeploymentPostprocessing = 0;
		};
		32F00B231FDE2B3D00174DB1 /* Sources */ = {
			isa = PBXSourcesBuildPhase;
			buildActionMask = 2147483647;
			files = (
				32F00B2C1FDE2B3D00174DB1 /* ToutiaoDemoTests.m in Sources */,
			);
			runOnlyForDeploymentPostprocessing = 0;
		};
		32F00B2E1FDE2B3E00174DB1 /* Sources */ = {
			isa = PBXSourcesBuildPhase;
			buildActionMask = 2147483647;
			files = (
				32F00B371FDE2B3E00174DB1 /* ToutiaoDemoUITests.m in Sources */,
			);
			runOnlyForDeploymentPostprocessing = 0;
		};
/* End PBXSourcesBuildPhase section */

/* Begin PBXTargetDependency section */
		32F00B291FDE2B3D00174DB1 /* PBXTargetDependency */ = {
			isa = PBXTargetDependency;
			target = 32F00B0D1FDE2B3D00174DB1 /* ToutiaoDemo */;
			targetProxy = 32F00B281FDE2B3D00174DB1 /* PBXContainerItemProxy */;
		};
		32F00B341FDE2B3E00174DB1 /* PBXTargetDependency */ = {
			isa = PBXTargetDependency;
			target = 32F00B0D1FDE2B3D00174DB1 /* ToutiaoDemo */;
			targetProxy = 32F00B331FDE2B3E00174DB1 /* PBXContainerItemProxy */;
		};
/* End PBXTargetDependency section */

/* Begin PBXVariantGroup section */
		32F00B1A1FDE2B3D00174DB1 /* Main.storyboard */ = {
			isa = PBXVariantGroup;
			children = (
				32F00B1B1FDE2B3D00174DB1 /* Base */,
			);
			name = Main.storyboard;
			sourceTree = "<group>";
		};
		32F00B1F1FDE2B3D00174DB1 /* LaunchScreen.storyboard */ = {
			isa = PBXVariantGroup;
			children = (
				32F00B201FDE2B3D00174DB1 /* Base */,
			);
			name = LaunchScreen.storyboard;
			sourceTree = "<group>";
		};
/* End PBXVariantGroup section */

/* Begin XCBuildConfiguration section */
		32F00B391FDE2B3E00174DB1 /* Debug */ = {
			isa = XCBuildConfiguration;
			buildSettings = {
				ALWAYS_SEARCH_USER_PATHS = NO;
				CLANG_ANALYZER_NONNULL = YES;
				CLANG_ANALYZER_NUMBER_OBJECT_CONVERSION = YES_AGGRESSIVE;
				CLANG_CXX_LANGUAGE_STANDARD = "gnu++0x";
				CLANG_CXX_LIBRARY = "libc++";
				CLANG_ENABLE_MODULES = YES;
				CLANG_ENABLE_OBJC_ARC = YES;
				CLANG_WARN_BOOL_CONVERSION = YES;
				CLANG_WARN_CONSTANT_CONVERSION = YES;
				CLANG_WARN_DIRECT_OBJC_ISA_USAGE = YES_ERROR;
				CLANG_WARN_DOCUMENTATION_COMMENTS = YES;
				CLANG_WARN_EMPTY_BODY = YES;
				CLANG_WARN_ENUM_CONVERSION = YES;
				CLANG_WARN_INFINITE_RECURSION = YES;
				CLANG_WARN_INT_CONVERSION = YES;
				CLANG_WARN_OBJC_ROOT_CLASS = YES_ERROR;
				CLANG_WARN_SUSPICIOUS_MOVE = YES;
				CLANG_WARN_UNREACHABLE_CODE = YES;
				CLANG_WARN__DUPLICATE_METHOD_MATCH = YES;
				"CODE_SIGN_IDENTITY[sdk=iphoneos*]" = "iPhone Developer";
				COPY_PHASE_STRIP = NO;
				DEBUG_INFORMATION_FORMAT = dwarf;
				ENABLE_STRICT_OBJC_MSGSEND = YES;
				ENABLE_TESTABILITY = YES;
				GCC_C_LANGUAGE_STANDARD = gnu99;
				GCC_DYNAMIC_NO_PIC = NO;
				GCC_NO_COMMON_BLOCKS = YES;
				GCC_OPTIMIZATION_LEVEL = 0;
				GCC_PREPROCESSOR_DEFINITIONS = (
					"DEBUG=1",
					"$(inherited)",
				);
				GCC_WARN_64_TO_32_BIT_CONVERSION = YES;
				GCC_WARN_ABOUT_RETURN_TYPE = YES_ERROR;
				GCC_WARN_UNDECLARED_SELECTOR = YES;
				GCC_WARN_UNINITIALIZED_AUTOS = YES_AGGRESSIVE;
				GCC_WARN_UNUSED_FUNCTION = YES;
				GCC_WARN_UNUSED_VARIABLE = YES;
				IPHONEOS_DEPLOYMENT_TARGET = 10.3;
				MTL_ENABLE_DEBUG_INFO = YES;
				ONLY_ACTIVE_ARCH = YES;
				SDKROOT = iphoneos;
				TARGETED_DEVICE_FAMILY = "1,2";
			};
			name = Debug;
		};
		32F00B3A1FDE2B3E00174DB1 /* Release */ = {
			isa = XCBuildConfiguration;
			buildSettings = {
				ALWAYS_SEARCH_USER_PATHS = NO;
				CLANG_ANALYZER_NONNULL = YES;
				CLANG_ANALYZER_NUMBER_OBJECT_CONVERSION = YES_AGGRESSIVE;
				CLANG_CXX_LANGUAGE_STANDARD = "gnu++0x";
				CLANG_CXX_LIBRARY = "libc++";
				CLANG_ENABLE_MODULES = YES;
				CLANG_ENABLE_OBJC_ARC = YES;
				CLANG_WARN_BOOL_CONVERSION = YES;
				CLANG_WARN_CONSTANT_CONVERSION = YES;
				CLANG_WARN_DIRECT_OBJC_ISA_USAGE = YES_ERROR;
				CLANG_WARN_DOCUMENTATION_COMMENTS = YES;
				CLANG_WARN_EMPTY_BODY = YES;
				CLANG_WARN_ENUM_CONVERSION = YES;
				CLANG_WARN_INFINITE_RECURSION = YES;
				CLANG_WARN_INT_CONVERSION = YES;
				CLANG_WARN_OBJC_ROOT_CLASS = YES_ERROR;
				CLANG_WARN_SUSPICIOUS_MOVE = YES;
				CLANG_WARN_UNREACHABLE_CODE = YES;
				CLANG_WARN__DUPLICATE_METHOD_MATCH = YES;
				"CODE_SIGN_IDENTITY[sdk=iphoneos*]" = "iPhone Developer";
				COPY_PHASE_STRIP = NO;
				DEBUG_INFORMATION_FORMAT = "dwarf-with-dsym";
				ENABLE_NS_ASSERTIONS = NO;
				ENABLE_STRICT_OBJC_MSGSEND = YES;
				GCC_C_LANGUAGE_STANDARD = gnu99;
				GCC_NO_COMMON_BLOCKS = YES;
				GCC_WARN_64_TO_32_BIT_CONVERSION = YES;
				GCC_WARN_ABOUT_RETURN_TYPE = YES_ERROR;
				GCC_WARN_UNDECLARED_SELECTOR = YES;
				GCC_WARN_UNINITIALIZED_AUTOS = YES_AGGRESSIVE;
				GCC_WARN_UNUSED_FUNCTION = YES;
				GCC_WARN_UNUSED_VARIABLE = YES;
				IPHONEOS_DEPLOYMENT_TARGET = 10.3;
				MTL_ENABLE_DEBUG_INFO = NO;
				SDKROOT = iphoneos;
				TARGETED_DEVICE_FAMILY = "1,2";
				VALIDATE_PRODUCT = YES;
			};
			name = Release;
		};
		32F00B3C1FDE2B3E00174DB1 /* Debug */ = {
			isa = XCBuildConfiguration;
			baseConfigurationReference = 690760E63693C0475FC33B0C /* Pods-ToutiaoDemo.debug.xcconfig */;
			buildSettings = {
				ASSETCATALOG_COMPILER_APPICON_NAME = AppIcon;
				DEVELOPMENT_TEAM = VG78JT6CG8;
				INFOPLIST_FILE = ToutiaoDemo/Info.plist;
				IPHONEOS_DEPLOYMENT_TARGET = 8.0;
				LD_RUNPATH_SEARCH_PATHS = "$(inherited) @executable_path/Frameworks";
				PRODUCT_BUNDLE_IDENTIFIER = com.idhong.ToutiaoDemo;
				PRODUCT_NAME = "头条频道编辑";
			};
			name = Debug;
		};
		32F00B3D1FDE2B3E00174DB1 /* Release */ = {
			isa = XCBuildConfiguration;
			baseConfigurationReference = CDECAC22908B37AF7FD2D670 /* Pods-ToutiaoDemo.release.xcconfig */;
			buildSettings = {
				ASSETCATALOG_COMPILER_APPICON_NAME = AppIcon;
				DEVELOPMENT_TEAM = VG78JT6CG8;
				INFOPLIST_FILE = ToutiaoDemo/Info.plist;
				IPHONEOS_DEPLOYMENT_TARGET = 8.0;
				LD_RUNPATH_SEARCH_PATHS = "$(inherited) @executable_path/Frameworks";
				PRODUCT_BUNDLE_IDENTIFIER = com.idhong.ToutiaoDemo;
				PRODUCT_NAME = "头条频道编辑";
			};
			name = Release;
		};
		32F00B3F1FDE2B3E00174DB1 /* Debug */ = {
			isa = XCBuildConfiguration;
			buildSettings = {
				BUNDLE_LOADER = "$(TEST_HOST)";
				DEVELOPMENT_TEAM = 8RB35RM424;
				INFOPLIST_FILE = ToutiaoDemoTests/Info.plist;
				LD_RUNPATH_SEARCH_PATHS = "$(inherited) @executable_path/Frameworks @loader_path/Frameworks";
				PRODUCT_BUNDLE_IDENTIFIER = com.idhong.ToutiaoDemoTests;
				PRODUCT_NAME = "$(TARGET_NAME)";
				TEST_HOST = "$(BUILT_PRODUCTS_DIR)/ToutiaoDemo.app/ToutiaoDemo";
			};
			name = Debug;
		};
		32F00B401FDE2B3E00174DB1 /* Release */ = {
			isa = XCBuildConfiguration;
			buildSettings = {
				BUNDLE_LOADER = "$(TEST_HOST)";
				DEVELOPMENT_TEAM = 8RB35RM424;
				INFOPLIST_FILE = ToutiaoDemoTests/Info.plist;
				LD_RUNPATH_SEARCH_PATHS = "$(inherited) @executable_path/Frameworks @loader_path/Frameworks";
				PRODUCT_BUNDLE_IDENTIFIER = com.idhong.ToutiaoDemoTests;
				PRODUCT_NAME = "$(TARGET_NAME)";
				TEST_HOST = "$(BUILT_PRODUCTS_DIR)/ToutiaoDemo.app/ToutiaoDemo";
			};
			name = Release;
		};
		32F00B421FDE2B3E00174DB1 /* Debug */ = {
			isa = XCBuildConfiguration;
			buildSettings = {
				DEVELOPMENT_TEAM = 8RB35RM424;
				INFOPLIST_FILE = ToutiaoDemoUITests/Info.plist;
				LD_RUNPATH_SEARCH_PATHS = "$(inherited) @executable_path/Frameworks @loader_path/Frameworks";
				PRODUCT_BUNDLE_IDENTIFIER = com.idhong.ToutiaoDemoUITests;
				PRODUCT_NAME = "$(TARGET_NAME)";
				TEST_TARGET_NAME = ToutiaoDemo;
			};
			name = Debug;
		};
		32F00B431FDE2B3E00174DB1 /* Release */ = {
			isa = XCBuildConfiguration;
			buildSettings = {
				DEVELOPMENT_TEAM = 8RB35RM424;
				INFOPLIST_FILE = ToutiaoDemoUITests/Info.plist;
				LD_RUNPATH_SEARCH_PATHS = "$(inherited) @executable_path/Frameworks @loader_path/Frameworks";
				PRODUCT_BUNDLE_IDENTIFIER = com.idhong.ToutiaoDemoUITests;
				PRODUCT_NAME = "$(TARGET_NAME)";
				TEST_TARGET_NAME = ToutiaoDemo;
			};
			name = Release;
		};
/* End XCBuildConfiguration section */

/* Begin XCConfigurationList section */
		32F00B091FDE2B3D00174DB1 /* Build configuration list for PBXProject "ToutiaoDemo" */ = {
			isa = XCConfigurationList;
			buildConfigurations = (
				32F00B391FDE2B3E00174DB1 /* Debug */,
				32F00B3A1FDE2B3E00174DB1 /* Release */,
			);
			defaultConfigurationIsVisible = 0;
			defaultConfigurationName = Release;
		};
		32F00B3B1FDE2B3E00174DB1 /* Build configuration list for PBXNativeTarget "ToutiaoDemo" */ = {
			isa = XCConfigurationList;
			buildConfigurations = (
				32F00B3C1FDE2B3E00174DB1 /* Debug */,
				32F00B3D1FDE2B3E00174DB1 /* Release */,
			);
			defaultConfigurationIsVisible = 0;
			defaultConfigurationName = Release;
		};
		32F00B3E1FDE2B3E00174DB1 /* Build configuration list for PBXNativeTarget "ToutiaoDemoTests" */ = {
			isa = XCConfigurationList;
			buildConfigurations = (
				32F00B3F1FDE2B3E00174DB1 /* Debug */,
				32F00B401FDE2B3E00174DB1 /* Release */,
			);
			defaultConfigurationIsVisible = 0;
			defaultConfigurationName = Release;
		};
		32F00B411FDE2B3E00174DB1 /* Build configuration list for PBXNativeTarget "ToutiaoDemoUITests" */ = {
			isa = XCConfigurationList;
			buildConfigurations = (
				32F00B421FDE2B3E00174DB1 /* Debug */,
				32F00B431FDE2B3E00174DB1 /* Release */,
			);
			defaultConfigurationIsVisible = 0;
			defaultConfigurationName = Release;
		};
/* End XCConfigurationList section */
	};
	rootObject = 32F00B061FDE2B3D00174DB1 /* Project object */;
}
